// !$*UTF8*$!
{
	archiveVersion = 1;
	classes = {
	};
	objectVersion = 50;
	objects = {

/* Begin PBXBuildFile section */
		F6890FF326B09FC30021D4E7 /* AppDelegate.swift in Sources */ = {isa = PBXBuildFile; fileRef = F6890FF226B09FC30021D4E7 /* AppDelegate.swift */; };
		F6890FF526B09FC30021D4E7 /* SceneDelegate.swift in Sources */ = {isa = PBXBuildFile; fileRef = F6890FF426B09FC30021D4E7 /* SceneDelegate.swift */; };
		F6890FFC26B09FC50021D4E7 /* Assets.xcassets in Resources */ = {isa = PBXBuildFile; fileRef = F6890FFB26B09FC50021D4E7 /* Assets.xcassets */; };
		F6890FFF26B09FC50021D4E7 /* LaunchScreen.storyboard in Resources */ = {isa = PBXBuildFile; fileRef = F6890FFD26B09FC50021D4E7 /* LaunchScreen.storyboard */; };
		F689100726B0A1690021D4E7 /* AppTabBarController.swift in Sources */ = {isa = PBXBuildFile; fileRef = F689100626B0A1690021D4E7 /* AppTabBarController.swift */; };
		F689100B26B0A1EC0021D4E7 /* InfoViewController.swift in Sources */ = {isa = PBXBuildFile; fileRef = F689100A26B0A1EC0021D4E7 /* InfoViewController.swift */; };
		F689100D26B0A1FB0021D4E7 /* HabitsViewController.swift in Sources */ = {isa = PBXBuildFile; fileRef = F689100C26B0A1FB0021D4E7 /* HabitsViewController.swift */; };
		F689100F26B0A5C00021D4E7 /* HabitsStore.swift in Sources */ = {isa = PBXBuildFile; fileRef = F689100E26B0A5C00021D4E7 /* HabitsStore.swift */; };
		F689101A26B3465B0021D4E7 /* HabitViewController.swift in Sources */ = {isa = PBXBuildFile; fileRef = F689101926B3465B0021D4E7 /* HabitViewController.swift */; };
		F689101C26B5EA140021D4E7 /* ProgressCollectionViewCell.swift in Sources */ = {isa = PBXBuildFile; fileRef = F689101B26B5EA140021D4E7 /* ProgressCollectionViewCell.swift */; };
		F689101E26B5EA6F0021D4E7 /* HabitCollectionViewCell.swift in Sources */ = {isa = PBXBuildFile; fileRef = F689101D26B5EA6F0021D4E7 /* HabitCollectionViewCell.swift */; };
		F689102026B5EBD30021D4E7 /* HabitsCollectionLayoutSettings.swift in Sources */ = {isa = PBXBuildFile; fileRef = F689101F26B5EBD30021D4E7 /* HabitsCollectionLayoutSettings.swift */; };
		F689102226B609300021D4E7 /* HabitDetailsViewController.swift in Sources */ = {isa = PBXBuildFile; fileRef = F689102126B609300021D4E7 /* HabitDetailsViewController.swift */; };
		F689102426B609B20021D4E7 /* HabitDetailsViewDelegate.swift in Sources */ = {isa = PBXBuildFile; fileRef = F689102326B609B20021D4E7 /* HabitDetailsViewDelegate.swift */; };
		F689102726B739170021D4E7 /* DateToFromStringConverter.swift in Sources */ = {isa = PBXBuildFile; fileRef = F689102626B739170021D4E7 /* DateToFromStringConverter.swift */; };
		F689102926B7BA2B0021D4E7 /* HabitViewEditController.swift in Sources */ = {isa = PBXBuildFile; fileRef = F689102826B7BA2B0021D4E7 /* HabitViewEditController.swift */; };
		F6AFF51D26B88DA800DFF487 /* HabitDataReloadDelegate.swift in Sources */ = {isa = PBXBuildFile; fileRef = F6AFF51C26B88DA800DFF487 /* HabitDataReloadDelegate.swift */; };
		F6AFF52326B89C8E00DFF487 /* HabitActivitiesTableViewCell.swift in Sources */ = {isa = PBXBuildFile; fileRef = F6AFF52226B89C8E00DFF487 /* HabitActivitiesTableViewCell.swift */; };
/* End PBXBuildFile section */

/* Begin PBXFileReference section */
		F6890FEF26B09FC30021D4E7 /* ght.app */ = {isa = PBXFileReference; explicitFileType = wrapper.application; includeInIndex = 0; path = ght.app; sourceTree = BUILT_PRODUCTS_DIR; };
		F6890FF226B09FC30021D4E7 /* AppDelegate.swift */ = {isa = PBXFileReference; lastKnownFileType = sourcecode.swift; path = AppDelegate.swift; sourceTree = "<group>"; };
		F6890FF426B09FC30021D4E7 /* SceneDelegate.swift */ = {isa = PBXFileReference; lastKnownFileType = sourcecode.swift; path = SceneDelegate.swift; sourceTree = "<group>"; };
		F6890FFB26B09FC50021D4E7 /* Assets.xcassets */ = {isa = PBXFileReference; lastKnownFileType = folder.assetcatalog; path = Assets.xcassets; sourceTree = "<group>"; };
		F6890FFE26B09FC50021D4E7 /* Base */ = {isa = PBXFileReference; lastKnownFileType = file.storyboard; name = Base; path = Base.lproj/LaunchScreen.storyboard; sourceTree = "<group>"; };
		F689100026B09FC50021D4E7 /* Info.plist */ = {isa = PBXFileReference; lastKnownFileType = text.plist.xml; path = Info.plist; sourceTree = "<group>"; };
		F689100626B0A1690021D4E7 /* AppTabBarController.swift */ = {isa = PBXFileReference; lastKnownFileType = sourcecode.swift; path = AppTabBarController.swift; sourceTree = "<group>"; };
		F689100A26B0A1EC0021D4E7 /* InfoViewController.swift */ = {isa = PBXFileReference; lastKnownFileType = sourcecode.swift; path = InfoViewController.swift; sourceTree = "<group>"; };
		F689100C26B0A1FB0021D4E7 /* HabitsViewController.swift */ = {isa = PBXFileReference; lastKnownFileType = sourcecode.swift; path = HabitsViewController.swift; sourceTree = "<group>"; };
		F689100E26B0A5C00021D4E7 /* HabitsStore.swift */ = {isa = PBXFileReference; lastKnownFileType = sourcecode.swift; path = HabitsStore.swift; sourceTree = "<group>"; };
		F689101926B3465B0021D4E7 /* HabitViewController.swift */ = {isa = PBXFileReference; lastKnownFileType = sourcecode.swift; path = HabitViewController.swift; sourceTree = "<group>"; };
		F689101B26B5EA140021D4E7 /* ProgressCollectionViewCell.swift */ = {isa = PBXFileReference; lastKnownFileType = sourcecode.swift; path = ProgressCollectionViewCell.swift; sourceTree = "<group>"; };
		F689101D26B5EA6F0021D4E7 /* HabitCollectionViewCell.swift */ = {isa = PBXFileReference; lastKnownFileType = sourcecode.swift; path = HabitCollectionViewCell.swift; sourceTree = "<group>"; };
		F689101F26B5EBD30021D4E7 /* HabitsCollectionLayoutSettings.swift */ = {isa = PBXFileReference; lastKnownFileType = sourcecode.swift; path = HabitsCollectionLayoutSettings.swift; sourceTree = "<group>"; };
		F689102126B609300021D4E7 /* HabitDetailsViewController.swift */ = {isa = PBXFileReference; lastKnownFileType = sourcecode.swift; path = HabitDetailsViewController.swift; sourceTree = "<group>"; };
		F689102326B609B20021D4E7 /* HabitDetailsViewDelegate.swift */ = {isa = PBXFileReference; lastKnownFileType = sourcecode.swift; path = HabitDetailsViewDelegate.swift; sourceTree = "<group>"; };
		F689102626B739170021D4E7 /* DateToFromStringConverter.swift */ = {isa = PBXFileReference; lastKnownFileType = sourcecode.swift; path = DateToFromStringConverter.swift; sourceTree = "<group>"; };
		F689102826B7BA2B0021D4E7 /* HabitViewEditController.swift */ = {isa = PBXFileReference; lastKnownFileType = sourcecode.swift; path = HabitViewEditController.swift; sourceTree = "<group>"; };
		F6AFF51C26B88DA800DFF487 /* HabitDataReloadDelegate.swift */ = {isa = PBXFileReference; lastKnownFileType = sourcecode.swift; path = HabitDataReloadDelegate.swift; sourceTree = "<group>"; };
		F6AFF52226B89C8E00DFF487 /* HabitActivitiesTableViewCell.swift */ = {isa = PBXFileReference; lastKnownFileType = sourcecode.swift; path = HabitActivitiesTableViewCell.swift; sourceTree = "<group>"; };
/* End PBXFileReference section */

/* Begin PBXFrameworksBuildPhase section */
		F6890FEC26B09FC30021D4E7 /* Frameworks */ = {
			isa = PBXFrameworksBuildPhase;
			buildActionMask = 2147483647;
			files = (
			);
			runOnlyForDeploymentPostprocessing = 0;
		};
/* End PBXFrameworksBuildPhase section */

/* Begin PBXGroup section */
		F6890FE626B09FC30021D4E7 = {
			isa = PBXGroup;
			children = (
				F6890FF126B09FC30021D4E7 /* ght */,
				F6890FF026B09FC30021D4E7 /* Products */,
			);
			sourceTree = "<group>";
		};
		F6890FF026B09FC30021D4E7 /* Products */ = {
			isa = PBXGroup;
			children = (
				F6890FEF26B09FC30021D4E7 /* ght.app */,
			);
			name = Products;
			sourceTree = "<group>";
		};
		F6890FF126B09FC30021D4E7 /* ght */ = {
			isa = PBXGroup;
			children = (
				F689102526B739030021D4E7 /* utility */,
				F689100926B0A1870021D4E7 /* info */,
				F689100826B0A1810021D4E7 /* habits */,
				F6890FF226B09FC30021D4E7 /* AppDelegate.swift */,
				F6890FF426B09FC30021D4E7 /* SceneDelegate.swift */,
				F6890FFB26B09FC50021D4E7 /* Assets.xcassets */,
				F6890FFD26B09FC50021D4E7 /* LaunchScreen.storyboard */,
				F689100026B09FC50021D4E7 /* Info.plist */,
				F689100626B0A1690021D4E7 /* AppTabBarController.swift */,
			);
			path = ght;
			sourceTree = "<group>";
		};
		F689100826B0A1810021D4E7 /* habits */ = {
			isa = PBXGroup;
			children = (
				F6AFF52126B8902A00DFF487 /* data */,
				F6AFF52026B8901400DFF487 /* settings */,
				F6AFF51F26B88FF900DFF487 /* cells */,
				F6AFF51E26B88FC900DFF487 /* delegates */,
				F689100C26B0A1FB0021D4E7 /* HabitsViewController.swift */,
				F689101926B3465B0021D4E7 /* HabitViewController.swift */,
				F689102126B609300021D4E7 /* HabitDetailsViewController.swift */,
				F689102826B7BA2B0021D4E7 /* HabitViewEditController.swift */,
			);
			path = habits;
			sourceTree = "<group>";
		};
		F689100926B0A1870021D4E7 /* info */ = {
			isa = PBXGroup;
			children = (
				F689100A26B0A1EC0021D4E7 /* InfoViewController.swift */,
			);
			path = info;
			sourceTree = "<group>";
		};
		F689102526B739030021D4E7 /* utility */ = {
			isa = PBXGroup;
			children = (
				F689102626B739170021D4E7 /* DateToFromStringConverter.swift */,
			);
			path = utility;
			sourceTree = "<group>";
		};
		F6AFF51E26B88FC900DFF487 /* delegates */ = {
			isa = PBXGroup;
			children = (
				F6AFF51C26B88DA800DFF487 /* HabitDataReloadDelegate.swift */,
				F689102326B609B20021D4E7 /* HabitDetailsViewDelegate.swift */,
			);
			path = delegates;
			sourceTree = "<group>";
		};
		F6AFF51F26B88FF900DFF487 /* cells */ = {
			isa = PBXGroup;
			children = (
				F689101D26B5EA6F0021D4E7 /* HabitCollectionViewCell.swift */,
				F689101B26B5EA140021D4E7 /* ProgressCollectionViewCell.swift */,
				F6AFF52226B89C8E00DFF487 /* HabitActivitiesTableViewCell.swift */,
			);
			path = cells;
			sourceTree = "<group>";
		};
		F6AFF52026B8901400DFF487 /* settings */ = {
			isa = PBXGroup;
			children = (
				F689101F26B5EBD30021D4E7 /* HabitsCollectionLayoutSettings.swift */,
			);
			path = settings;
			sourceTree = "<group>";
		};
		F6AFF52126B8902A00DFF487 /* data */ = {
			isa = PBXGroup;
			children = (
				F689100E26B0A5C00021D4E7 /* HabitsStore.swift */,
			);
			path = data;
			sourceTree = "<group>";
		};
/* End PBXGroup section */

/* Begin PBXNativeTarget section */
		F6890FEE26B09FC30021D4E7 /* ght */ = {
			isa = PBXNativeTarget;
			buildConfigurationList = F689100326B09FC50021D4E7 /* Build configuration list for PBXNativeTarget "ght" */;
			buildPhases = (
				F6890FEB26B09FC30021D4E7 /* Sources */,
				F6890FEC26B09FC30021D4E7 /* Frameworks */,
				F6890FED26B09FC30021D4E7 /* Resources */,
			);
			buildRules = (
			);
			dependencies = (
			);
			name = ght;
			productName = ght;
			productReference = F6890FEF26B09FC30021D4E7 /* ght.app */;
			productType = "com.apple.product-type.application";
		};
/* End PBXNativeTarget section */

/* Begin PBXProject section */
		F6890FE726B09FC30021D4E7 /* Project object */ = {
			isa = PBXProject;
			attributes = {
				LastSwiftUpdateCheck = 1250;
				LastUpgradeCheck = 1250;
				TargetAttributes = {
					F6890FEE26B09FC30021D4E7 = {
						CreatedOnToolsVersion = 12.5.1;
					};
				};
			};
			buildConfigurationList = F6890FEA26B09FC30021D4E7 /* Build configuration list for PBXProject "ght" */;
			compatibilityVersion = "Xcode 9.3";
			developmentRegion = en;
			hasScannedForEncodings = 0;
			knownRegions = (
				en,
				Base,
			);
			mainGroup = F6890FE626B09FC30021D4E7;
			productRefGroup = F6890FF026B09FC30021D4E7 /* Products */;
			projectDirPath = "";
			projectRoot = "";
			targets = (
				F6890FEE26B09FC30021D4E7 /* ght */,
			);
		};
/* End PBXProject section */

/* Begin PBXResourcesBuildPhase section */
		F6890FED26B09FC30021D4E7 /* Resources */ = {
			isa = PBXResourcesBuildPhase;
			buildActionMask = 2147483647;
			files = (
				F6890FFF26B09FC50021D4E7 /* LaunchScreen.storyboard in Resources */,
				F6890FFC26B09FC50021D4E7 /* Assets.xcassets in Resources */,
			);
			runOnlyForDeploymentPostprocessing = 0;
		};
/* End PBXResourcesBuildPhase section */

/* Begin PBXSourcesBuildPhase section */
		F6890FEB26B09FC30021D4E7 /* Sources */ = {
			isa = PBXSourcesBuildPhase;
			buildActionMask = 2147483647;
			files = (
				F689100F26B0A5C00021D4E7 /* HabitsStore.swift in Sources */,
				F6AFF52326B89C8E00DFF487 /* HabitActivitiesTableViewCell.swift in Sources */,
				F6AFF51D26B88DA800DFF487 /* HabitDataReloadDelegate.swift in Sources */,
				F689100726B0A1690021D4E7 /* AppTabBarController.swift in Sources */,
				F689101E26B5EA6F0021D4E7 /* HabitCollectionViewCell.swift in Sources */,
				F689102926B7BA2B0021D4E7 /* HabitViewEditController.swift in Sources */,
				F689102726B739170021D4E7 /* DateToFromStringConverter.swift in Sources */,
				F689102026B5EBD30021D4E7 /* HabitsCollectionLayoutSettings.swift in Sources */,
				F689102226B609300021D4E7 /* HabitDetailsViewController.swift in Sources */,
				F689101A26B3465B0021D4E7 /* HabitViewController.swift in Sources */,
				F6890FF326B09FC30021D4E7 /* AppDelegate.swift in Sources */,
				F689100B26B0A1EC0021D4E7 /* InfoViewController.swift in Sources */,
				F689100D26B0A1FB0021D4E7 /* HabitsViewController.swift in Sources */,
				F689102426B609B20021D4E7 /* HabitDetailsViewDelegate.swift in Sources */,
				F689101C26B5EA140021D4E7 /* ProgressCollectionViewCell.swift in Sources */,
				F6890FF526B09FC30021D4E7 /* SceneDelegate.swift in Sources */,
			);
			runOnlyForDeploymentPostprocessing = 0;
		};
/* End PBXSourcesBuildPhase section */

/* Begin PBXVariantGroup section */
		F6890FFD26B09FC50021D4E7 /* LaunchScreen.storyboard */ = {
			isa = PBXVariantGroup;
			children = (
				F6890FFE26B09FC50021D4E7 /* Base */,
			);
			name = LaunchScreen.storyboard;
			sourceTree = "<group>";
		};
/* End PBXVariantGroup section */

/* Begin XCBuildConfiguration section */
		F689100126B09FC50021D4E7 /* Debug */ = {
			isa = XCBuildConfiguration;
			buildSettings = {
				ALWAYS_SEARCH_USER_PATHS = NO;
				CLANG_ANALYZER_NONNULL = YES;
				CLANG_ANALYZER_NUMBER_OBJECT_CONVERSION = YES_AGGRESSIVE;
				CLANG_CXX_LANGUAGE_STANDARD = "gnu++14";
				CLANG_CXX_LIBRARY = "libc++";
				CLANG_ENABLE_MODULES = YES;
				CLANG_ENABLE_OBJC_ARC = YES;
				CLANG_ENABLE_OBJC_WEAK = YES;
				CLANG_WARN_BLOCK_CAPTURE_AUTORELEASING = YES;
				CLANG_WARN_BOOL_CONVERSION = YES;
				CLANG_WARN_COMMA = YES;
				CLANG_WARN_CONSTANT_CONVERSION = YES;
				CLANG_WARN_DEPRECATED_OBJC_IMPLEMENTATIONS = YES;
				CLANG_WARN_DIRECT_OBJC_ISA_USAGE = YES_ERROR;
				CLANG_WARN_DOCUMENTATION_COMMENTS = YES;
				CLANG_WARN_EMPTY_BODY = YES;
				CLANG_WARN_ENUM_CONVERSION = YES;
				CLANG_WARN_INFINITE_RECURSION = YES;
				CLANG_WARN_INT_CONVERSION = YES;
				CLANG_WARN_NON_LITERAL_NULL_CONVERSION = YES;
				CLANG_WARN_OBJC_IMPLICIT_RETAIN_SELF = YES;
				CLANG_WARN_OBJC_LITERAL_CONVERSION = YES;
				CLANG_WARN_OBJC_ROOT_CLASS = YES_ERROR;
				CLANG_WARN_QUOTED_INCLUDE_IN_FRAMEWORK_HEADER = YES;
				CLANG_WARN_RANGE_LOOP_ANALYSIS = YES;
				CLANG_WARN_STRICT_PROTOTYPES = YES;
				CLANG_WARN_SUSPICIOUS_MOVE = YES;
				CLANG_WARN_UNGUARDED_AVAILABILITY = YES_AGGRESSIVE;
				CLANG_WARN_UNREACHABLE_CODE = YES;
				CLANG_WARN__DUPLICATE_METHOD_MATCH = YES;
				COPY_PHASE_STRIP = NO;
				DEBUG_INFORMATION_FORMAT = dwarf;
				ENABLE_STRICT_OBJC_MSGSEND = YES;
				ENABLE_TESTABILITY = YES;
				GCC_C_LANGUAGE_STANDARD = gnu11;
				GCC_DYNAMIC_NO_PIC = NO;
				GCC_NO_COMMON_BLOCKS = YES;
				GCC_OPTIMIZATION_LEVEL = 0;
				GCC_PREPROCESSOR_DEFINITIONS = (
					"DEBUG=1",
					"$(inherited)",
				);
				GCC_WARN_64_TO_32_BIT_CONVERSION = YES;
				GCC_WARN_ABOUT_RETURN_TYPE = YES_ERROR;
				GCC_WARN_UNDECLARED_SELECTOR = YES;
				GCC_WARN_UNINITIALIZED_AUTOS = YES_AGGRESSIVE;
				GCC_WARN_UNUSED_FUNCTION = YES;
				GCC_WARN_UNUSED_VARIABLE = YES;
				IPHONEOS_DEPLOYMENT_TARGET = 14.5;
				MTL_ENABLE_DEBUG_INFO = INCLUDE_SOURCE;
				MTL_FAST_MATH = YES;
				ONLY_ACTIVE_ARCH = YES;
				SDKROOT = iphoneos;
				SWIFT_ACTIVE_COMPILATION_CONDITIONS = DEBUG;
				SWIFT_OPTIMIZATION_LEVEL = "-Onone";
			};
			name = Debug;
		};
		F689100226B09FC50021D4E7 /* Release */ = {
			isa = XCBuildConfiguration;
			buildSettings = {
				ALWAYS_SEARCH_USER_PATHS = NO;
				CLANG_ANALYZER_NONNULL = YES;
				CLANG_ANALYZER_NUMBER_OBJECT_CONVERSION = YES_AGGRESSIVE;
				CLANG_CXX_LANGUAGE_STANDARD = "gnu++14";
				CLANG_CXX_LIBRARY = "libc++";
				CLANG_ENABLE_MODULES = YES;
				CLANG_ENABLE_OBJC_ARC = YES;
				CLANG_ENABLE_OBJC_WEAK = YES;
				CLANG_WARN_BLOCK_CAPTURE_AUTORELEASING = YES;
				CLANG_WARN_BOOL_CONVERSION = YES;
				CLANG_WARN_COMMA = YES;
				CLANG_WARN_CONSTANT_CONVERSION = YES;
				CLANG_WARN_DEPRECATED_OBJC_IMPLEMENTATIONS = YES;
				CLANG_WARN_DIRECT_OBJC_ISA_USAGE = YES_ERROR;
				CLANG_WARN_DOCUMENTATION_COMMENTS = YES;
				CLANG_WARN_EMPTY_BODY = YES;
				CLANG_WARN_ENUM_CONVERSION = YES;
				CLANG_WARN_INFINITE_RECURSION = YES;
				CLANG_WARN_INT_CONVERSION = YES;
				CLANG_WARN_NON_LITERAL_NULL_CONVERSION = YES;
				CLANG_WARN_OBJC_IMPLICIT_RETAIN_SELF = YES;
				CLANG_WARN_OBJC_LITERAL_CONVERSION = YES;
				CLANG_WARN_OBJC_ROOT_CLASS = YES_ERROR;
				CLANG_WARN_QUOTED_INCLUDE_IN_FRAMEWORK_HEADER = YES;
				CLANG_WARN_RANGE_LOOP_ANALYSIS = YES;
				CLANG_WARN_STRICT_PROTOTYPES = YES;
				CLANG_WARN_SUSPICIOUS_MOVE = YES;
				CLANG_WARN_UNGUARDED_AVAILABILITY = YES_AGGRESSIVE;
				CLANG_WARN_UNREACHABLE_CODE = YES;
				CLANG_WARN__DUPLICATE_METHOD_MATCH = YES;
				COPY_PHASE_STRIP = NO;
				DEBUG_INFORMATION_FORMAT = "dwarf-with-dsym";
				ENABLE_NS_ASSERTIONS = NO;
				ENABLE_STRICT_OBJC_MSGSEND = YES;
				GCC_C_LANGUAGE_STANDARD = gnu11;
				GCC_NO_COMMON_BLOCKS = YES;
				GCC_WARN_64_TO_32_BIT_CONVERSION = YES;
				GCC_WARN_ABOUT_RETURN_TYPE = YES_ERROR;
				GCC_WARN_UNDECLARED_SELECTOR = YES;
				GCC_WARN_UNINITIALIZED_AUTOS = YES_AGGRESSIVE;
				GCC_WARN_UNUSED_FUNCTION = YES;
				GCC_WARN_UNUSED_VARIABLE = YES;
				IPHONEOS_DEPLOYMENT_TARGET = 14.5;
				MTL_ENABLE_DEBUG_INFO = NO;
				MTL_FAST_MATH = YES;
				SDKROOT = iphoneos;
				SWIFT_COMPILATION_MODE = wholemodule;
				SWIFT_OPTIMIZATION_LEVEL = "-O";
				VALIDATE_PRODUCT = YES;
			};
			name = Release;
		};
		F689100426B09FC50021D4E7 /* Debug */ = {
			isa = XCBuildConfiguration;
			buildSettings = {
				ASSETCATALOG_COMPILER_APPICON_NAME = AppIcon;
				ASSETCATALOG_COMPILER_GLOBAL_ACCENT_COLOR_NAME = AccentColor;
				CODE_SIGN_STYLE = Automatic;
				INFOPLIST_FILE = ght/Info.plist;
				LD_RUNPATH_SEARCH_PATHS = (
					"$(inherited)",
					"@executable_path/Frameworks",
				);
				PRODUCT_BUNDLE_IDENTIFIER = ru.dmitry.nikishov.ght;
				PRODUCT_NAME = "$(TARGET_NAME)";
				SWIFT_VERSION = 5.0;
				TARGETED_DEVICE_FAMILY = "1,2";
			};
			name = Debug;
		};
		F689100526B09FC50021D4E7 /* Release */ = {
			isa = XCBuildConfiguration;
			buildSettings = {
				ASSETCATALOG_COMPILER_APPICON_NAME = AppIcon;
				ASSETCATALOG_COMPILER_GLOBAL_ACCENT_COLOR_NAME = AccentColor;
				CODE_SIGN_STYLE = Automatic;
				INFOPLIST_FILE = ght/Info.plist;
				LD_RUNPATH_SEARCH_PATHS = (
					"$(inherited)",
					"@executable_path/Frameworks",
				);
				PRODUCT_BUNDLE_IDENTIFIER = ru.dmitry.nikishov.ght;
				PRODUCT_NAME = "$(TARGET_NAME)";
				SWIFT_VERSION = 5.0;
				TARGETED_DEVICE_FAMILY = "1,2";
			};
			name = Release;
		};
/* End XCBuildConfiguration section */

/* Begin XCConfigurationList section */
		F6890FEA26B09FC30021D4E7 /* Build configuration list for PBXProject "ght" */ = {
			isa = XCConfigurationList;
			buildConfigurations = (
				F689100126B09FC50021D4E7 /* Debug */,
				F689100226B09FC50021D4E7 /* Release */,
			);
			defaultConfigurationIsVisible = 0;
			defaultConfigurationName = Release;
		};
		F689100326B09FC50021D4E7 /* Build configuration list for PBXNativeTarget "ght" */ = {
			isa = XCConfigurationList;
			buildConfigurations = (
				F689100426B09FC50021D4E7 /* Debug */,
				F689100526B09FC50021D4E7 /* Release */,
			);
			defaultConfigurationIsVisible = 0;
			defaultConfigurationName = Release;
		};
/* End XCConfigurationList section */
	};
	rootObject = F6890FE726B09FC30021D4E7 /* Project object */;
}
