// !$*UTF8*$!
{
	archiveVersion = 1;
	classes = {
	};
	objectVersion = 55;
	objects = {

/* Begin PBXBuildFile section */
		F61585F727C6D7DB0002140B /* SwiftUiAppApp.swift in Sources */ = {isa = PBXBuildFile; fileRef = F61585F627C6D7DB0002140B /* SwiftUiAppApp.swift */; };
		F61585F927C6D7DB0002140B /* ContentView.swift in Sources */ = {isa = PBXBuildFile; fileRef = F61585F827C6D7DB0002140B /* ContentView.swift */; };
		F61585FB27C6D7DD0002140B /* Assets.xcassets in Resources */ = {isa = PBXBuildFile; fileRef = F61585FA27C6D7DD0002140B /* Assets.xcassets */; };
		F61585FE27C6D7DD0002140B /* Preview Assets.xcassets in Resources */ = {isa = PBXBuildFile; fileRef = F61585FD27C6D7DD0002140B /* Preview Assets.xcassets */; };
		F615860627C6DF4C0002140B /* ProfileTabView.swift in Sources */ = {isa = PBXBuildFile; fileRef = F615860527C6DF4C0002140B /* ProfileTabView.swift */; };
		F615860827C6DFD40002140B /* FeedTabView.swift in Sources */ = {isa = PBXBuildFile; fileRef = F615860727C6DFD40002140B /* FeedTabView.swift */; };
		F615860A27C6E00C0002140B /* PlayerTabView.swift in Sources */ = {isa = PBXBuildFile; fileRef = F615860927C6E00C0002140B /* PlayerTabView.swift */; };
		F615860C27C6E02D0002140B /* VideoTabView.swift in Sources */ = {isa = PBXBuildFile; fileRef = F615860B27C6E02D0002140B /* VideoTabView.swift */; };
		F615860E27C6E0500002140B /* RecorderTabView.swift in Sources */ = {isa = PBXBuildFile; fileRef = F615860D27C6E0500002140B /* RecorderTabView.swift */; };
/* End PBXBuildFile section */

/* Begin PBXFileReference section */
		F61585F327C6D7DB0002140B /* SwiftUiApp.app */ = {isa = PBXFileReference; explicitFileType = wrapper.application; includeInIndex = 0; path = SwiftUiApp.app; sourceTree = BUILT_PRODUCTS_DIR; };
		F61585F627C6D7DB0002140B /* SwiftUiAppApp.swift */ = {isa = PBXFileReference; lastKnownFileType = sourcecode.swift; path = SwiftUiAppApp.swift; sourceTree = "<group>"; };
		F61585F827C6D7DB0002140B /* ContentView.swift */ = {isa = PBXFileReference; lastKnownFileType = sourcecode.swift; path = ContentView.swift; sourceTree = "<group>"; };
		F61585FA27C6D7DD0002140B /* Assets.xcassets */ = {isa = PBXFileReference; lastKnownFileType = folder.assetcatalog; path = Assets.xcassets; sourceTree = "<group>"; };
		F61585FD27C6D7DD0002140B /* Preview Assets.xcassets */ = {isa = PBXFileReference; lastKnownFileType = folder.assetcatalog; path = "Preview Assets.xcassets"; sourceTree = "<group>"; };
		F615860527C6DF4C0002140B /* ProfileTabView.swift */ = {isa = PBXFileReference; lastKnownFileType = sourcecode.swift; path = ProfileTabView.swift; sourceTree = "<group>"; };
		F615860727C6DFD40002140B /* FeedTabView.swift */ = {isa = PBXFileReference; lastKnownFileType = sourcecode.swift; path = FeedTabView.swift; sourceTree = "<group>"; };
		F615860927C6E00C0002140B /* PlayerTabView.swift */ = {isa = PBXFileReference; lastKnownFileType = sourcecode.swift; path = PlayerTabView.swift; sourceTree = "<group>"; };
		F615860B27C6E02D0002140B /* VideoTabView.swift */ = {isa = PBXFileReference; lastKnownFileType = sourcecode.swift; path = VideoTabView.swift; sourceTree = "<group>"; };
		F615860D27C6E0500002140B /* RecorderTabView.swift */ = {isa = PBXFileReference; lastKnownFileType = sourcecode.swift; path = RecorderTabView.swift; sourceTree = "<group>"; };
/* End PBXFileReference section */

/* Begin PBXFrameworksBuildPhase section */
		F61585F027C6D7DB0002140B /* Frameworks */ = {
			isa = PBXFrameworksBuildPhase;
			buildActionMask = 2147483647;
			files = (
			);
			runOnlyForDeploymentPostprocessing = 0;
		};
/* End PBXFrameworksBuildPhase section */

/* Begin PBXGroup section */
		F61585EA27C6D7DB0002140B = {
			isa = PBXGroup;
			children = (
				F61585F527C6D7DB0002140B /* SwiftUiApp */,
				F61585F427C6D7DB0002140B /* Products */,
			);
			sourceTree = "<group>";
		};
		F61585F427C6D7DB0002140B /* Products */ = {
			isa = PBXGroup;
			children = (
				F61585F327C6D7DB0002140B /* SwiftUiApp.app */,
			);
			name = Products;
			sourceTree = "<group>";
		};
		F61585F527C6D7DB0002140B /* SwiftUiApp */ = {
			isa = PBXGroup;
			children = (
				F615860427C6DF270002140B /* TabViews */,
				F61585F627C6D7DB0002140B /* SwiftUiAppApp.swift */,
				F61585F827C6D7DB0002140B /* ContentView.swift */,
				F61585FA27C6D7DD0002140B /* Assets.xcassets */,
				F61585FC27C6D7DD0002140B /* Preview Content */,
			);
			path = SwiftUiApp;
			sourceTree = "<group>";
		};
		F61585FC27C6D7DD0002140B /* Preview Content */ = {
			isa = PBXGroup;
			children = (
				F61585FD27C6D7DD0002140B /* Preview Assets.xcassets */,
			);
			path = "Preview Content";
			sourceTree = "<group>";
		};
		F615860427C6DF270002140B /* TabViews */ = {
			isa = PBXGroup;
			children = (
				F615860527C6DF4C0002140B /* ProfileTabView.swift */,
				F615860727C6DFD40002140B /* FeedTabView.swift */,
				F615860927C6E00C0002140B /* PlayerTabView.swift */,
				F615860B27C6E02D0002140B /* VideoTabView.swift */,
				F615860D27C6E0500002140B /* RecorderTabView.swift */,
			);
			path = TabViews;
			sourceTree = "<group>";
		};
/* End PBXGroup section */

/* Begin PBXNativeTarget section */
		F61585F227C6D7DB0002140B /* SwiftUiApp */ = {
			isa = PBXNativeTarget;
			buildConfigurationList = F615860127C6D7DD0002140B /* Build configuration list for PBXNativeTarget "SwiftUiApp" */;
			buildPhases = (
				F61585EF27C6D7DB0002140B /* Sources */,
				F61585F027C6D7DB0002140B /* Frameworks */,
				F61585F127C6D7DB0002140B /* Resources */,
			);
			buildRules = (
			);
			dependencies = (
			);
			name = SwiftUiApp;
			productName = SwiftUiApp;
			productReference = F61585F327C6D7DB0002140B /* SwiftUiApp.app */;
			productType = "com.apple.product-type.application";
		};
/* End PBXNativeTarget section */

/* Begin PBXProject section */
		F61585EB27C6D7DB0002140B /* Project object */ = {
			isa = PBXProject;
			attributes = {
				BuildIndependentTargetsInParallel = 1;
				LastSwiftUpdateCheck = 1320;
				LastUpgradeCheck = 1320;
				TargetAttributes = {
					F61585F227C6D7DB0002140B = {
						CreatedOnToolsVersion = 13.2;
					};
				};
			};
			buildConfigurationList = F61585EE27C6D7DB0002140B /* Build configuration list for PBXProject "SwiftUiApp" */;
			compatibilityVersion = "Xcode 13.0";
			developmentRegion = en;
			hasScannedForEncodings = 0;
			knownRegions = (
				en,
				Base,
			);
			mainGroup = F61585EA27C6D7DB0002140B;
			productRefGroup = F61585F427C6D7DB0002140B /* Products */;
			projectDirPath = "";
			projectRoot = "";
			targets = (
				F61585F227C6D7DB0002140B /* SwiftUiApp */,
			);
		};
/* End PBXProject section */

/* Begin PBXResourcesBuildPhase section */
		F61585F127C6D7DB0002140B /* Resources */ = {
			isa = PBXResourcesBuildPhase;
			buildActionMask = 2147483647;
			files = (
				F61585FE27C6D7DD0002140B /* Preview Assets.xcassets in Resources */,
				F61585FB27C6D7DD0002140B /* Assets.xcassets in Resources */,
			);
			runOnlyForDeploymentPostprocessing = 0;
		};
/* End PBXResourcesBuildPhase section */

/* Begin PBXSourcesBuildPhase section */
		F61585EF27C6D7DB0002140B /* Sources */ = {
			isa = PBXSourcesBuildPhase;
			buildActionMask = 2147483647;
			files = (
				F615860C27C6E02D0002140B /* VideoTabView.swift in Sources */,
				F615860E27C6E0500002140B /* RecorderTabView.swift in Sources */,
				F61585F927C6D7DB0002140B /* ContentView.swift in Sources */,
				F615860627C6DF4C0002140B /* ProfileTabView.swift in Sources */,
				F615860827C6DFD40002140B /* FeedTabView.swift in Sources */,
				F61585F727C6D7DB0002140B /* SwiftUiAppApp.swift in Sources */,
				F615860A27C6E00C0002140B /* PlayerTabView.swift in Sources */,
			);
			runOnlyForDeploymentPostprocessing = 0;
		};
/* End PBXSourcesBuildPhase section */

/* Begin XCBuildConfiguration section */
		F61585FF27C6D7DD0002140B /* Debug */ = {
			isa = XCBuildConfiguration;
			buildSettings = {
				ALWAYS_SEARCH_USER_PATHS = NO;
				CLANG_ANALYZER_NONNULL = YES;
				CLANG_ANALYZER_NUMBER_OBJECT_CONVERSION = YES_AGGRESSIVE;
				CLANG_CXX_LANGUAGE_STANDARD = "gnu++17";
				CLANG_CXX_LIBRARY = "libc++";
				CLANG_ENABLE_MODULES = YES;
				CLANG_ENABLE_OBJC_ARC = YES;
				CLANG_ENABLE_OBJC_WEAK = YES;
				CLANG_WARN_BLOCK_CAPTURE_AUTORELEASING = YES;
				CLANG_WARN_BOOL_CONVERSION = YES;
				CLANG_WARN_COMMA = YES;
				CLANG_WARN_CONSTANT_CONVERSION = YES;
				CLANG_WARN_DEPRECATED_OBJC_IMPLEMENTATIONS = YES;
				CLANG_WARN_DIRECT_OBJC_ISA_USAGE = YES_ERROR;
				CLANG_WARN_DOCUMENTATION_COMMENTS = YES;
				CLANG_WARN_EMPTY_BODY = YES;
				CLANG_WARN_ENUM_CONVERSION = YES;
				CLANG_WARN_INFINITE_RECURSION = YES;
				CLANG_WARN_INT_CONVERSION = YES;
				CLANG_WARN_NON_LITERAL_NULL_CONVERSION = YES;
				CLANG_WARN_OBJC_IMPLICIT_RETAIN_SELF = YES;
				CLANG_WARN_OBJC_LITERAL_CONVERSION = YES;
				CLANG_WARN_OBJC_ROOT_CLASS = YES_ERROR;
				CLANG_WARN_QUOTED_INCLUDE_IN_FRAMEWORK_HEADER = YES;
				CLANG_WARN_RANGE_LOOP_ANALYSIS = YES;
				CLANG_WARN_STRICT_PROTOTYPES = YES;
				CLANG_WARN_SUSPICIOUS_MOVE = YES;
				CLANG_WARN_UNGUARDED_AVAILABILITY = YES_AGGRESSIVE;
				CLANG_WARN_UNREACHABLE_CODE = YES;
				CLANG_WARN__DUPLICATE_METHOD_MATCH = YES;
				COPY_PHASE_STRIP = NO;
				DEBUG_INFORMATION_FORMAT = dwarf;
				ENABLE_STRICT_OBJC_MSGSEND = YES;
				ENABLE_TESTABILITY = YES;
				GCC_C_LANGUAGE_STANDARD = gnu11;
				GCC_DYNAMIC_NO_PIC = NO;
				GCC_NO_COMMON_BLOCKS = YES;
				GCC_OPTIMIZATION_LEVEL = 0;
				GCC_PREPROCESSOR_DEFINITIONS = (
					"DEBUG=1",
					"$(inherited)",
				);
				GCC_WARN_64_TO_32_BIT_CONVERSION = YES;
				GCC_WARN_ABOUT_RETURN_TYPE = YES_ERROR;
				GCC_WARN_UNDECLARED_SELECTOR = YES;
				GCC_WARN_UNINITIALIZED_AUTOS = YES_AGGRESSIVE;
				GCC_WARN_UNUSED_FUNCTION = YES;
				GCC_WARN_UNUSED_VARIABLE = YES;
				IPHONEOS_DEPLOYMENT_TARGET = 15.2;
				MTL_ENABLE_DEBUG_INFO = INCLUDE_SOURCE;
				MTL_FAST_MATH = YES;
				ONLY_ACTIVE_ARCH = YES;
				SDKROOT = iphoneos;
				SWIFT_ACTIVE_COMPILATION_CONDITIONS = DEBUG;
				SWIFT_OPTIMIZATION_LEVEL = "-Onone";
			};
			name = Debug;
		};
		F615860027C6D7DD0002140B /* Release */ = {
			isa = XCBuildConfiguration;
			buildSettings = {
				ALWAYS_SEARCH_USER_PATHS = NO;
				CLANG_ANALYZER_NONNULL = YES;
				CLANG_ANALYZER_NUMBER_OBJECT_CONVERSION = YES_AGGRESSIVE;
				CLANG_CXX_LANGUAGE_STANDARD = "gnu++17";
				CLANG_CXX_LIBRARY = "libc++";
				CLANG_ENABLE_MODULES = YES;
				CLANG_ENABLE_OBJC_ARC = YES;
				CLANG_ENABLE_OBJC_WEAK = YES;
				CLANG_WARN_BLOCK_CAPTURE_AUTORELEASING = YES;
				CLANG_WARN_BOOL_CONVERSION = YES;
				CLANG_WARN_COMMA = YES;
				CLANG_WARN_CONSTANT_CONVERSION = YES;
				CLANG_WARN_DEPRECATED_OBJC_IMPLEMENTATIONS = YES;
				CLANG_WARN_DIRECT_OBJC_ISA_USAGE = YES_ERROR;
				CLANG_WARN_DOCUMENTATION_COMMENTS = YES;
				CLANG_WARN_EMPTY_BODY = YES;
				CLANG_WARN_ENUM_CONVERSION = YES;
				CLANG_WARN_INFINITE_RECURSION = YES;
				CLANG_WARN_INT_CONVERSION = YES;
				CLANG_WARN_NON_LITERAL_NULL_CONVERSION = YES;
				CLANG_WARN_OBJC_IMPLICIT_RETAIN_SELF = YES;
				CLANG_WARN_OBJC_LITERAL_CONVERSION = YES;
				CLANG_WARN_OBJC_ROOT_CLASS = YES_ERROR;
				CLANG_WARN_QUOTED_INCLUDE_IN_FRAMEWORK_HEADER = YES;
				CLANG_WARN_RANGE_LOOP_ANALYSIS = YES;
				CLANG_WARN_STRICT_PROTOTYPES = YES;
				CLANG_WARN_SUSPICIOUS_MOVE = YES;
				CLANG_WARN_UNGUARDED_AVAILABILITY = YES_AGGRESSIVE;
				CLANG_WARN_UNREACHABLE_CODE = YES;
				CLANG_WARN__DUPLICATE_METHOD_MATCH = YES;
				COPY_PHASE_STRIP = NO;
				DEBUG_INFORMATION_FORMAT = "dwarf-with-dsym";
				ENABLE_NS_ASSERTIONS = NO;
				ENABLE_STRICT_OBJC_MSGSEND = YES;
				GCC_C_LANGUAGE_STANDARD = gnu11;
				GCC_NO_COMMON_BLOCKS = YES;
				GCC_WARN_64_TO_32_BIT_CONVERSION = YES;
				GCC_WARN_ABOUT_RETURN_TYPE = YES_ERROR;
				GCC_WARN_UNDECLARED_SELECTOR = YES;
				GCC_WARN_UNINITIALIZED_AUTOS = YES_AGGRESSIVE;
				GCC_WARN_UNUSED_FUNCTION = YES;
				GCC_WARN_UNUSED_VARIABLE = YES;
				IPHONEOS_DEPLOYMENT_TARGET = 15.2;
				MTL_ENABLE_DEBUG_INFO = NO;
				MTL_FAST_MATH = YES;
				SDKROOT = iphoneos;
				SWIFT_COMPILATION_MODE = wholemodule;
				SWIFT_OPTIMIZATION_LEVEL = "-O";
				VALIDATE_PRODUCT = YES;
			};
			name = Release;
		};
		F615860227C6D7DD0002140B /* Debug */ = {
			isa = XCBuildConfiguration;
			buildSettings = {
				ASSETCATALOG_COMPILER_APPICON_NAME = AppIcon;
				ASSETCATALOG_COMPILER_GLOBAL_ACCENT_COLOR_NAME = AccentColor;
				CODE_SIGN_STYLE = Automatic;
				CURRENT_PROJECT_VERSION = 1;
				DEVELOPMENT_ASSET_PATHS = "\"SwiftUiApp/Preview Content\"";
				DEVELOPMENT_TEAM = 43BA3A7UV4;
				ENABLE_PREVIEWS = YES;
				GENERATE_INFOPLIST_FILE = YES;
				INFOPLIST_KEY_UIApplicationSceneManifest_Generation = YES;
				INFOPLIST_KEY_UIApplicationSupportsIndirectInputEvents = YES;
				INFOPLIST_KEY_UILaunchScreen_Generation = YES;
				INFOPLIST_KEY_UISupportedInterfaceOrientations_iPad = "UIInterfaceOrientationPortrait UIInterfaceOrientationPortraitUpsideDown UIInterfaceOrientationLandscapeLeft UIInterfaceOrientationLandscapeRight";
				INFOPLIST_KEY_UISupportedInterfaceOrientations_iPhone = "UIInterfaceOrientationPortrait UIInterfaceOrientationLandscapeLeft UIInterfaceOrientationLandscapeRight";
				LD_RUNPATH_SEARCH_PATHS = (
					"$(inherited)",
					"@executable_path/Frameworks",
				);
				MARKETING_VERSION = 1.0;
				PRODUCT_BUNDLE_IDENTIFIER = ru.dmitry.nikishov.SwiftUiApp;
				PRODUCT_NAME = "$(TARGET_NAME)";
				SWIFT_EMIT_LOC_STRINGS = YES;
				SWIFT_VERSION = 5.0;
				TARGETED_DEVICE_FAMILY = "1,2";
			};
			name = Debug;
		};
		F615860327C6D7DD0002140B /* Release */ = {
			isa = XCBuildConfiguration;
			buildSettings = {
				ASSETCATALOG_COMPILER_APPICON_NAME = AppIcon;
				ASSETCATALOG_COMPILER_GLOBAL_ACCENT_COLOR_NAME = AccentColor;
				CODE_SIGN_STYLE = Automatic;
				CURRENT_PROJECT_VERSION = 1;
				DEVELOPMENT_ASSET_PATHS = "\"SwiftUiApp/Preview Content\"";
				DEVELOPMENT_TEAM = 43BA3A7UV4;
				ENABLE_PREVIEWS = YES;
				GENERATE_INFOPLIST_FILE = YES;
				INFOPLIST_KEY_UIApplicationSceneManifest_Generation = YES;
				INFOPLIST_KEY_UIApplicationSupportsIndirectInputEvents = YES;
				INFOPLIST_KEY_UILaunchScreen_Generation = YES;
				INFOPLIST_KEY_UISupportedInterfaceOrientations_iPad = "UIInterfaceOrientationPortrait UIInterfaceOrientationPortraitUpsideDown UIInterfaceOrientationLandscapeLeft UIInterfaceOrientationLandscapeRight";
				INFOPLIST_KEY_UISupportedInterfaceOrientations_iPhone = "UIInterfaceOrientationPortrait UIInterfaceOrientationLandscapeLeft UIInterfaceOrientationLandscapeRight";
				LD_RUNPATH_SEARCH_PATHS = (
					"$(inherited)",
					"@executable_path/Frameworks",
				);
				MARKETING_VERSION = 1.0;
				PRODUCT_BUNDLE_IDENTIFIER = ru.dmitry.nikishov.SwiftUiApp;
				PRODUCT_NAME = "$(TARGET_NAME)";
				SWIFT_EMIT_LOC_STRINGS = YES;
				SWIFT_VERSION = 5.0;
				TARGETED_DEVICE_FAMILY = "1,2";
			};
			name = Release;
		};
/* End XCBuildConfiguration section */

/* Begin XCConfigurationList section */
		F61585EE27C6D7DB0002140B /* Build configuration list for PBXProject "SwiftUiApp" */ = {
			isa = XCConfigurationList;
			buildConfigurations = (
				F61585FF27C6D7DD0002140B /* Debug */,
				F615860027C6D7DD0002140B /* Release */,
			);
			defaultConfigurationIsVisible = 0;
			defaultConfigurationName = Release;
		};
		F615860127C6D7DD0002140B /* Build configuration list for PBXNativeTarget "SwiftUiApp" */ = {
			isa = XCConfigurationList;
			buildConfigurations = (
				F615860227C6D7DD0002140B /* Debug */,
				F615860327C6D7DD0002140B /* Release */,
			);
			defaultConfigurationIsVisible = 0;
			defaultConfigurationName = Release;
		};
/* End XCConfigurationList section */
	};
	rootObject = F61585EB27C6D7DB0002140B /* Project object */;
}
