// !$*UTF8*$!
{
	archiveVersion = 1;
	classes = {
	};
	objectVersion = 50;
	objects = {

/* Begin PBXBuildFile section */
		F6617D5F26DFD7F4004AB050 /* StorageService.framework in Frameworks */ = {isa = PBXBuildFile; fileRef = F6617D5626DFD7F4004AB050 /* StorageService.framework */; };
		F6617D6626DFD7F4004AB050 /* StorageServiceTests.swift in Sources */ = {isa = PBXBuildFile; fileRef = F6617D6526DFD7F4004AB050 /* StorageServiceTests.swift */; };
		F6617D6826DFD7F4004AB050 /* StorageService.h in Headers */ = {isa = PBXBuildFile; fileRef = F6617D5826DFD7F4004AB050 /* StorageService.h */; settings = {ATTRIBUTES = (Public, ); }; };
		F6617D6B26DFD7F4004AB050 /* StorageService.framework in Frameworks */ = {isa = PBXBuildFile; fileRef = F6617D5626DFD7F4004AB050 /* StorageService.framework */; };
		F6617D6C26DFD7F4004AB050 /* StorageService.framework in Embed Frameworks */ = {isa = PBXBuildFile; fileRef = F6617D5626DFD7F4004AB050 /* StorageService.framework */; settings = {ATTRIBUTES = (CodeSignOnCopy, RemoveHeadersOnCopy, ); }; };
		F6617D7426DFD827004AB050 /* StorageService.swift in Sources */ = {isa = PBXBuildFile; fileRef = F6617D4F26DFD79C004AB050 /* StorageService.swift */; };
		F6617D7526DFD82C004AB050 /* Post.swift in Sources */ = {isa = PBXBuildFile; fileRef = F6617D4D26DFD69A004AB050 /* Post.swift */; };
		F67144752697C94600495503 /* AppDelegate.swift in Sources */ = {isa = PBXBuildFile; fileRef = F67144742697C94600495503 /* AppDelegate.swift */; };
		F67144772697C94600495503 /* SceneDelegate.swift in Sources */ = {isa = PBXBuildFile; fileRef = F67144762697C94600495503 /* SceneDelegate.swift */; };
		F671447E2697C94800495503 /* Assets.xcassets in Resources */ = {isa = PBXBuildFile; fileRef = F671447D2697C94800495503 /* Assets.xcassets */; };
		F67144812697C94800495503 /* LaunchScreen.storyboard in Resources */ = {isa = PBXBuildFile; fileRef = F671447F2697C94800495503 /* LaunchScreen.storyboard */; };
		F67144892697CA3A00495503 /* TabBarViewController.swift in Sources */ = {isa = PBXBuildFile; fileRef = F67144882697CA3A00495503 /* TabBarViewController.swift */; };
		F67144912697CAC500495503 /* LogInViewController.swift in Sources */ = {isa = PBXBuildFile; fileRef = F67144902697CAC500495503 /* LogInViewController.swift */; };
		F67144932697CADE00495503 /* ProfileViewController.swift in Sources */ = {isa = PBXBuildFile; fileRef = F67144922697CADE00495503 /* ProfileViewController.swift */; };
		F6714495269863B000495503 /* AppTypes.swift in Sources */ = {isa = PBXBuildFile; fileRef = F6714494269863B000495503 /* AppTypes.swift */; };
		F671449A2698DDEE00495503 /* ProfileTableHeaderView.swift in Sources */ = {isa = PBXBuildFile; fileRef = F67144992698DDEE00495503 /* ProfileTableHeaderView.swift */; };
		F671449C2698E42200495503 /* ProfileTableViewCell.swift in Sources */ = {isa = PBXBuildFile; fileRef = F671449B2698E42200495503 /* ProfileTableViewCell.swift */; };
		F671449F2699085500495503 /* TextFieldWithPadding.swift in Sources */ = {isa = PBXBuildFile; fileRef = F671449E2699085500495503 /* TextFieldWithPadding.swift */; };
		F67144A3269A42DF00495503 /* PhotosTableViewCell.swift in Sources */ = {isa = PBXBuildFile; fileRef = F67144A2269A42DF00495503 /* PhotosTableViewCell.swift */; };
		F67144A5269A5B9400495503 /* PhotosViewController.swift in Sources */ = {isa = PBXBuildFile; fileRef = F67144A4269A5B9400495503 /* PhotosViewController.swift */; };
		F67144A7269A627700495503 /* PhotoGalery.swift in Sources */ = {isa = PBXBuildFile; fileRef = F67144A6269A627700495503 /* PhotoGalery.swift */; };
		F67144A9269A672100495503 /* PhotoGalleryCollectionViewCell.swift in Sources */ = {isa = PBXBuildFile; fileRef = F67144A8269A672100495503 /* PhotoGalleryCollectionViewCell.swift */; };
		F6890FDF269E34E70021D4E7 /* PhotoGalleryLayoutSettings.swift in Sources */ = {isa = PBXBuildFile; fileRef = F6890FDE269E34E70021D4E7 /* PhotoGalleryLayoutSettings.swift */; };
		F6890FE326A1ED470021D4E7 /* ProfileTableHeaderViewLayoutConstants.swift in Sources */ = {isa = PBXBuildFile; fileRef = F6890FE226A1ED470021D4E7 /* ProfileTableHeaderViewLayoutConstants.swift */; };
		F6890FE526A8BE4A0021D4E7 /* ProfileTableHeaderViewDelegate.swift in Sources */ = {isa = PBXBuildFile; fileRef = F6890FE426A8BE4A0021D4E7 /* ProfileTableHeaderViewDelegate.swift */; };
/* End PBXBuildFile section */

/* Begin PBXContainerItemProxy section */
		F6617D6026DFD7F4004AB050 /* PBXContainerItemProxy */ = {
			isa = PBXContainerItemProxy;
			containerPortal = F67144692697C94600495503 /* Project object */;
			proxyType = 1;
			remoteGlobalIDString = F6617D5526DFD7F4004AB050;
			remoteInfo = StorageService;
		};
		F6617D6226DFD7F4004AB050 /* PBXContainerItemProxy */ = {
			isa = PBXContainerItemProxy;
			containerPortal = F67144692697C94600495503 /* Project object */;
			proxyType = 1;
			remoteGlobalIDString = F67144702697C94600495503;
			remoteInfo = vk;
		};
		F6617D6926DFD7F4004AB050 /* PBXContainerItemProxy */ = {
			isa = PBXContainerItemProxy;
			containerPortal = F67144692697C94600495503 /* Project object */;
			proxyType = 1;
			remoteGlobalIDString = F6617D5526DFD7F4004AB050;
			remoteInfo = StorageService;
		};
/* End PBXContainerItemProxy section */

/* Begin PBXCopyFilesBuildPhase section */
		F6617D7026DFD7F4004AB050 /* Embed Frameworks */ = {
			isa = PBXCopyFilesBuildPhase;
			buildActionMask = 2147483647;
			dstPath = "";
			dstSubfolderSpec = 10;
			files = (
				F6617D6C26DFD7F4004AB050 /* StorageService.framework in Embed Frameworks */,
			);
			name = "Embed Frameworks";
			runOnlyForDeploymentPostprocessing = 0;
		};
/* End PBXCopyFilesBuildPhase section */

/* Begin PBXFileReference section */
		F6617D4D26DFD69A004AB050 /* Post.swift */ = {isa = PBXFileReference; lastKnownFileType = sourcecode.swift; path = Post.swift; sourceTree = "<group>"; };
		F6617D4F26DFD79C004AB050 /* StorageService.swift */ = {isa = PBXFileReference; lastKnownFileType = sourcecode.swift; path = StorageService.swift; sourceTree = "<group>"; };
		F6617D5626DFD7F4004AB050 /* StorageService.framework */ = {isa = PBXFileReference; explicitFileType = wrapper.framework; includeInIndex = 0; path = StorageService.framework; sourceTree = BUILT_PRODUCTS_DIR; };
		F6617D5826DFD7F4004AB050 /* StorageService.h */ = {isa = PBXFileReference; lastKnownFileType = sourcecode.c.h; path = StorageService.h; sourceTree = "<group>"; };
		F6617D5926DFD7F4004AB050 /* Info.plist */ = {isa = PBXFileReference; lastKnownFileType = text.plist.xml; path = Info.plist; sourceTree = "<group>"; };
		F6617D5E26DFD7F4004AB050 /* StorageServiceTests.xctest */ = {isa = PBXFileReference; explicitFileType = wrapper.cfbundle; includeInIndex = 0; path = StorageServiceTests.xctest; sourceTree = BUILT_PRODUCTS_DIR; };
		F6617D6526DFD7F4004AB050 /* StorageServiceTests.swift */ = {isa = PBXFileReference; lastKnownFileType = sourcecode.swift; path = StorageServiceTests.swift; sourceTree = "<group>"; };
		F6617D6726DFD7F4004AB050 /* Info.plist */ = {isa = PBXFileReference; lastKnownFileType = text.plist.xml; path = Info.plist; sourceTree = "<group>"; };
		F67144712697C94600495503 /* vk.app */ = {isa = PBXFileReference; explicitFileType = wrapper.application; includeInIndex = 0; path = vk.app; sourceTree = BUILT_PRODUCTS_DIR; };
		F67144742697C94600495503 /* AppDelegate.swift */ = {isa = PBXFileReference; lastKnownFileType = sourcecode.swift; path = AppDelegate.swift; sourceTree = "<group>"; };
		F67144762697C94600495503 /* SceneDelegate.swift */ = {isa = PBXFileReference; lastKnownFileType = sourcecode.swift; path = SceneDelegate.swift; sourceTree = "<group>"; };
		F671447D2697C94800495503 /* Assets.xcassets */ = {isa = PBXFileReference; lastKnownFileType = folder.assetcatalog; path = Assets.xcassets; sourceTree = "<group>"; };
		F67144802697C94800495503 /* Base */ = {isa = PBXFileReference; lastKnownFileType = file.storyboard; name = Base; path = Base.lproj/LaunchScreen.storyboard; sourceTree = "<group>"; };
		F67144822697C94800495503 /* Info.plist */ = {isa = PBXFileReference; lastKnownFileType = text.plist.xml; path = Info.plist; sourceTree = "<group>"; };
		F67144882697CA3A00495503 /* TabBarViewController.swift */ = {isa = PBXFileReference; fileEncoding = 4; lastKnownFileType = sourcecode.swift; path = TabBarViewController.swift; sourceTree = "<group>"; };
		F67144902697CAC500495503 /* LogInViewController.swift */ = {isa = PBXFileReference; lastKnownFileType = sourcecode.swift; path = LogInViewController.swift; sourceTree = "<group>"; };
		F67144922697CADE00495503 /* ProfileViewController.swift */ = {isa = PBXFileReference; lastKnownFileType = sourcecode.swift; path = ProfileViewController.swift; sourceTree = "<group>"; };
		F6714494269863B000495503 /* AppTypes.swift */ = {isa = PBXFileReference; lastKnownFileType = sourcecode.swift; path = AppTypes.swift; sourceTree = "<group>"; };
		F67144992698DDEE00495503 /* ProfileTableHeaderView.swift */ = {isa = PBXFileReference; lastKnownFileType = sourcecode.swift; path = ProfileTableHeaderView.swift; sourceTree = "<group>"; };
		F671449B2698E42200495503 /* ProfileTableViewCell.swift */ = {isa = PBXFileReference; lastKnownFileType = sourcecode.swift; path = ProfileTableViewCell.swift; sourceTree = "<group>"; };
		F671449E2699085500495503 /* TextFieldWithPadding.swift */ = {isa = PBXFileReference; lastKnownFileType = sourcecode.swift; path = TextFieldWithPadding.swift; sourceTree = "<group>"; };
		F67144A2269A42DF00495503 /* PhotosTableViewCell.swift */ = {isa = PBXFileReference; lastKnownFileType = sourcecode.swift; path = PhotosTableViewCell.swift; sourceTree = "<group>"; };
		F67144A4269A5B9400495503 /* PhotosViewController.swift */ = {isa = PBXFileReference; lastKnownFileType = sourcecode.swift; path = PhotosViewController.swift; sourceTree = "<group>"; };
		F67144A6269A627700495503 /* PhotoGalery.swift */ = {isa = PBXFileReference; lastKnownFileType = sourcecode.swift; path = PhotoGalery.swift; sourceTree = "<group>"; };
		F67144A8269A672100495503 /* PhotoGalleryCollectionViewCell.swift */ = {isa = PBXFileReference; lastKnownFileType = sourcecode.swift; path = PhotoGalleryCollectionViewCell.swift; sourceTree = "<group>"; };
		F6890FDE269E34E70021D4E7 /* PhotoGalleryLayoutSettings.swift */ = {isa = PBXFileReference; lastKnownFileType = sourcecode.swift; path = PhotoGalleryLayoutSettings.swift; sourceTree = "<group>"; };
		F6890FE226A1ED470021D4E7 /* ProfileTableHeaderViewLayoutConstants.swift */ = {isa = PBXFileReference; lastKnownFileType = sourcecode.swift; path = ProfileTableHeaderViewLayoutConstants.swift; sourceTree = "<group>"; };
		F6890FE426A8BE4A0021D4E7 /* ProfileTableHeaderViewDelegate.swift */ = {isa = PBXFileReference; lastKnownFileType = sourcecode.swift; path = ProfileTableHeaderViewDelegate.swift; sourceTree = "<group>"; };
/* End PBXFileReference section */

/* Begin PBXFrameworksBuildPhase section */
		F6617D5326DFD7F4004AB050 /* Frameworks */ = {
			isa = PBXFrameworksBuildPhase;
			buildActionMask = 2147483647;
			files = (
			);
			runOnlyForDeploymentPostprocessing = 0;
		};
		F6617D5B26DFD7F4004AB050 /* Frameworks */ = {
			isa = PBXFrameworksBuildPhase;
			buildActionMask = 2147483647;
			files = (
				F6617D5F26DFD7F4004AB050 /* StorageService.framework in Frameworks */,
			);
			runOnlyForDeploymentPostprocessing = 0;
		};
		F671446E2697C94600495503 /* Frameworks */ = {
			isa = PBXFrameworksBuildPhase;
			buildActionMask = 2147483647;
			files = (
				F6617D6B26DFD7F4004AB050 /* StorageService.framework in Frameworks */,
			);
			runOnlyForDeploymentPostprocessing = 0;
		};
/* End PBXFrameworksBuildPhase section */

/* Begin PBXGroup section */
		F6617D5726DFD7F4004AB050 /* StorageService */ = {
			isa = PBXGroup;
			children = (
				F6617D4D26DFD69A004AB050 /* Post.swift */,
				F6617D4F26DFD79C004AB050 /* StorageService.swift */,
				F6617D5826DFD7F4004AB050 /* StorageService.h */,
				F6617D5926DFD7F4004AB050 /* Info.plist */,
			);
			path = StorageService;
			sourceTree = "<group>";
		};
		F6617D6426DFD7F4004AB050 /* StorageServiceTests */ = {
			isa = PBXGroup;
			children = (
				F6617D6526DFD7F4004AB050 /* StorageServiceTests.swift */,
				F6617D6726DFD7F4004AB050 /* Info.plist */,
			);
			path = StorageServiceTests;
			sourceTree = "<group>";
		};
		F67144682697C94600495503 = {
			isa = PBXGroup;
			children = (
				F67144732697C94600495503 /* vk */,
				F6617D5726DFD7F4004AB050 /* StorageService */,
				F6617D6426DFD7F4004AB050 /* StorageServiceTests */,
				F67144722697C94600495503 /* Products */,
			);
			sourceTree = "<group>";
		};
		F67144722697C94600495503 /* Products */ = {
			isa = PBXGroup;
			children = (
				F67144712697C94600495503 /* vk.app */,
				F6617D5626DFD7F4004AB050 /* StorageService.framework */,
				F6617D5E26DFD7F4004AB050 /* StorageServiceTests.xctest */,
			);
			name = Products;
			sourceTree = "<group>";
		};
		F67144732697C94600495503 /* vk */ = {
			isa = PBXGroup;
			children = (
				F671449D2699083D00495503 /* Common */,
				F6714496269898DD00495503 /* Model */,
				F671448F2697CA9A00495503 /* Profile */,
				F67144882697CA3A00495503 /* TabBarViewController.swift */,
				F67144742697C94600495503 /* AppDelegate.swift */,
				F67144762697C94600495503 /* SceneDelegate.swift */,
				F671447D2697C94800495503 /* Assets.xcassets */,
				F671447F2697C94800495503 /* LaunchScreen.storyboard */,
				F67144822697C94800495503 /* Info.plist */,
				F6714494269863B000495503 /* AppTypes.swift */,
			);
			path = vk;
			sourceTree = "<group>";
		};
		F671448F2697CA9A00495503 /* Profile */ = {
			isa = PBXGroup;
			children = (
				F67144902697CAC500495503 /* LogInViewController.swift */,
				F67144922697CADE00495503 /* ProfileViewController.swift */,
				F67144992698DDEE00495503 /* ProfileTableHeaderView.swift */,
				F671449B2698E42200495503 /* ProfileTableViewCell.swift */,
				F67144A2269A42DF00495503 /* PhotosTableViewCell.swift */,
				F67144A4269A5B9400495503 /* PhotosViewController.swift */,
				F67144A8269A672100495503 /* PhotoGalleryCollectionViewCell.swift */,
				F6890FDE269E34E70021D4E7 /* PhotoGalleryLayoutSettings.swift */,
				F6890FE226A1ED470021D4E7 /* ProfileTableHeaderViewLayoutConstants.swift */,
				F6890FE426A8BE4A0021D4E7 /* ProfileTableHeaderViewDelegate.swift */,
			);
			path = Profile;
			sourceTree = "<group>";
		};
		F6714496269898DD00495503 /* Model */ = {
			isa = PBXGroup;
			children = (
				F67144A6269A627700495503 /* PhotoGalery.swift */,
			);
			path = Model;
			sourceTree = "<group>";
		};
		F671449D2699083D00495503 /* Common */ = {
			isa = PBXGroup;
			children = (
				F671449E2699085500495503 /* TextFieldWithPadding.swift */,
			);
			path = Common;
			sourceTree = "<group>";
		};
/* End PBXGroup section */

/* Begin PBXHeadersBuildPhase section */
		F6617D5126DFD7F4004AB050 /* Headers */ = {
			isa = PBXHeadersBuildPhase;
			buildActionMask = 2147483647;
			files = (
				F6617D6826DFD7F4004AB050 /* StorageService.h in Headers */,
			);
			runOnlyForDeploymentPostprocessing = 0;
		};
/* End PBXHeadersBuildPhase section */

/* Begin PBXNativeTarget section */
		F6617D5526DFD7F4004AB050 /* StorageService */ = {
			isa = PBXNativeTarget;
			buildConfigurationList = F6617D6D26DFD7F4004AB050 /* Build configuration list for PBXNativeTarget "StorageService" */;
			buildPhases = (
				F6617D5126DFD7F4004AB050 /* Headers */,
				F6617D5226DFD7F4004AB050 /* Sources */,
				F6617D5326DFD7F4004AB050 /* Frameworks */,
				F6617D5426DFD7F4004AB050 /* Resources */,
			);
			buildRules = (
			);
			dependencies = (
			);
			name = StorageService;
			productName = StorageService;
			productReference = F6617D5626DFD7F4004AB050 /* StorageService.framework */;
			productType = "com.apple.product-type.framework";
		};
		F6617D5D26DFD7F4004AB050 /* StorageServiceTests */ = {
			isa = PBXNativeTarget;
			buildConfigurationList = F6617D7126DFD7F4004AB050 /* Build configuration list for PBXNativeTarget "StorageServiceTests" */;
			buildPhases = (
				F6617D5A26DFD7F4004AB050 /* Sources */,
				F6617D5B26DFD7F4004AB050 /* Frameworks */,
				F6617D5C26DFD7F4004AB050 /* Resources */,
			);
			buildRules = (
			);
			dependencies = (
				F6617D6126DFD7F4004AB050 /* PBXTargetDependency */,
				F6617D6326DFD7F4004AB050 /* PBXTargetDependency */,
			);
			name = StorageServiceTests;
			productName = StorageServiceTests;
			productReference = F6617D5E26DFD7F4004AB050 /* StorageServiceTests.xctest */;
			productType = "com.apple.product-type.bundle.unit-test";
		};
		F67144702697C94600495503 /* vk */ = {
			isa = PBXNativeTarget;
			buildConfigurationList = F67144852697C94800495503 /* Build configuration list for PBXNativeTarget "vk" */;
			buildPhases = (
				F671446D2697C94600495503 /* Sources */,
				F671446E2697C94600495503 /* Frameworks */,
				F671446F2697C94600495503 /* Resources */,
				F6617D7026DFD7F4004AB050 /* Embed Frameworks */,
			);
			buildRules = (
			);
			dependencies = (
				F6617D6A26DFD7F4004AB050 /* PBXTargetDependency */,
			);
			name = vk;
			productName = vk;
			productReference = F67144712697C94600495503 /* vk.app */;
			productType = "com.apple.product-type.application";
		};
/* End PBXNativeTarget section */

/* Begin PBXProject section */
		F67144692697C94600495503 /* Project object */ = {
			isa = PBXProject;
			attributes = {
				LastSwiftUpdateCheck = 1250;
				LastUpgradeCheck = 1250;
				TargetAttributes = {
					F6617D5526DFD7F4004AB050 = {
						CreatedOnToolsVersion = 12.5.1;
					};
					F6617D5D26DFD7F4004AB050 = {
						CreatedOnToolsVersion = 12.5.1;
						TestTargetID = F67144702697C94600495503;
					};
					F67144702697C94600495503 = {
						CreatedOnToolsVersion = 12.5.1;
					};
				};
			};
			buildConfigurationList = F671446C2697C94600495503 /* Build configuration list for PBXProject "vk" */;
			compatibilityVersion = "Xcode 9.3";
			developmentRegion = en;
			hasScannedForEncodings = 0;
			knownRegions = (
				en,
				Base,
			);
			mainGroup = F67144682697C94600495503;
			productRefGroup = F67144722697C94600495503 /* Products */;
			projectDirPath = "";
			projectRoot = "";
			targets = (
				F67144702697C94600495503 /* vk */,
				F6617D5526DFD7F4004AB050 /* StorageService */,
				F6617D5D26DFD7F4004AB050 /* StorageServiceTests */,
			);
		};
/* End PBXProject section */

/* Begin PBXResourcesBuildPhase section */
		F6617D5426DFD7F4004AB050 /* Resources */ = {
			isa = PBXResourcesBuildPhase;
			buildActionMask = 2147483647;
			files = (
			);
			runOnlyForDeploymentPostprocessing = 0;
		};
		F6617D5C26DFD7F4004AB050 /* Resources */ = {
			isa = PBXResourcesBuildPhase;
			buildActionMask = 2147483647;
			files = (
			);
			runOnlyForDeploymentPostprocessing = 0;
		};
		F671446F2697C94600495503 /* Resources */ = {
			isa = PBXResourcesBuildPhase;
			buildActionMask = 2147483647;
			files = (
				F67144812697C94800495503 /* LaunchScreen.storyboard in Resources */,
				F671447E2697C94800495503 /* Assets.xcassets in Resources */,
			);
			runOnlyForDeploymentPostprocessing = 0;
		};
/* End PBXResourcesBuildPhase section */

/* Begin PBXSourcesBuildPhase section */
		F6617D5226DFD7F4004AB050 /* Sources */ = {
			isa = PBXSourcesBuildPhase;
			buildActionMask = 2147483647;
			files = (
				F6617D7426DFD827004AB050 /* StorageService.swift in Sources */,
				F6617D7526DFD82C004AB050 /* Post.swift in Sources */,
			);
			runOnlyForDeploymentPostprocessing = 0;
		};
		F6617D5A26DFD7F4004AB050 /* Sources */ = {
			isa = PBXSourcesBuildPhase;
			buildActionMask = 2147483647;
			files = (
				F6617D6626DFD7F4004AB050 /* StorageServiceTests.swift in Sources */,
			);
			runOnlyForDeploymentPostprocessing = 0;
		};
		F671446D2697C94600495503 /* Sources */ = {
			isa = PBXSourcesBuildPhase;
			buildActionMask = 2147483647;
			files = (
				F6890FDF269E34E70021D4E7 /* PhotoGalleryLayoutSettings.swift in Sources */,
				F67144912697CAC500495503 /* LogInViewController.swift in Sources */,
				F67144752697C94600495503 /* AppDelegate.swift in Sources */,
				F67144932697CADE00495503 /* ProfileViewController.swift in Sources */,
				F67144A3269A42DF00495503 /* PhotosTableViewCell.swift in Sources */,
				F671449C2698E42200495503 /* ProfileTableViewCell.swift in Sources */,
				F67144892697CA3A00495503 /* TabBarViewController.swift in Sources */,
				F6890FE526A8BE4A0021D4E7 /* ProfileTableHeaderViewDelegate.swift in Sources */,
				F671449A2698DDEE00495503 /* ProfileTableHeaderView.swift in Sources */,
				F67144772697C94600495503 /* SceneDelegate.swift in Sources */,
				F67144A7269A627700495503 /* PhotoGalery.swift in Sources */,
				F671449F2699085500495503 /* TextFieldWithPadding.swift in Sources */,
				F67144A9269A672100495503 /* PhotoGalleryCollectionViewCell.swift in Sources */,
				F67144A5269A5B9400495503 /* PhotosViewController.swift in Sources */,
				F6714495269863B000495503 /* AppTypes.swift in Sources */,
				F6890FE326A1ED470021D4E7 /* ProfileTableHeaderViewLayoutConstants.swift in Sources */,
			);
			runOnlyForDeploymentPostprocessing = 0;
		};
/* End PBXSourcesBuildPhase section */

/* Begin PBXTargetDependency section */
		F6617D6126DFD7F4004AB050 /* PBXTargetDependency */ = {
			isa = PBXTargetDependency;
			target = F6617D5526DFD7F4004AB050 /* StorageService */;
			targetProxy = F6617D6026DFD7F4004AB050 /* PBXContainerItemProxy */;
		};
		F6617D6326DFD7F4004AB050 /* PBXTargetDependency */ = {
			isa = PBXTargetDependency;
			target = F67144702697C94600495503 /* vk */;
			targetProxy = F6617D6226DFD7F4004AB050 /* PBXContainerItemProxy */;
		};
		F6617D6A26DFD7F4004AB050 /* PBXTargetDependency */ = {
			isa = PBXTargetDependency;
			target = F6617D5526DFD7F4004AB050 /* StorageService */;
			targetProxy = F6617D6926DFD7F4004AB050 /* PBXContainerItemProxy */;
		};
/* End PBXTargetDependency section */

/* Begin PBXVariantGroup section */
		F671447F2697C94800495503 /* LaunchScreen.storyboard */ = {
			isa = PBXVariantGroup;
			children = (
				F67144802697C94800495503 /* Base */,
			);
			name = LaunchScreen.storyboard;
			sourceTree = "<group>";
		};
/* End PBXVariantGroup section */

/* Begin XCBuildConfiguration section */
		F6617D6E26DFD7F4004AB050 /* Debug */ = {
			isa = XCBuildConfiguration;
			buildSettings = {
				CODE_SIGN_STYLE = Automatic;
				CURRENT_PROJECT_VERSION = 1;
				DEFINES_MODULE = YES;
				DYLIB_COMPATIBILITY_VERSION = 1;
				DYLIB_CURRENT_VERSION = 1;
				DYLIB_INSTALL_NAME_BASE = "@rpath";
				INFOPLIST_FILE = StorageService/Info.plist;
				INSTALL_PATH = "$(LOCAL_LIBRARY_DIR)/Frameworks";
				LD_RUNPATH_SEARCH_PATHS = (
					"$(inherited)",
					"@executable_path/Frameworks",
					"@loader_path/Frameworks",
				);
				PRODUCT_BUNDLE_IDENTIFIER = ru.dmitry.nikishov.StorageService;
				PRODUCT_NAME = "$(TARGET_NAME:c99extidentifier)";
				SKIP_INSTALL = YES;
				SWIFT_VERSION = 5.0;
				TARGETED_DEVICE_FAMILY = "1,2";
				VERSIONING_SYSTEM = "apple-generic";
				VERSION_INFO_PREFIX = "";
			};
			name = Debug;
		};
		F6617D6F26DFD7F4004AB050 /* Release */ = {
			isa = XCBuildConfiguration;
			buildSettings = {
				CODE_SIGN_STYLE = Automatic;
				CURRENT_PROJECT_VERSION = 1;
				DEFINES_MODULE = YES;
				DYLIB_COMPATIBILITY_VERSION = 1;
				DYLIB_CURRENT_VERSION = 1;
				DYLIB_INSTALL_NAME_BASE = "@rpath";
				INFOPLIST_FILE = StorageService/Info.plist;
				INSTALL_PATH = "$(LOCAL_LIBRARY_DIR)/Frameworks";
				LD_RUNPATH_SEARCH_PATHS = (
					"$(inherited)",
					"@executable_path/Frameworks",
					"@loader_path/Frameworks",
				);
				PRODUCT_BUNDLE_IDENTIFIER = ru.dmitry.nikishov.StorageService;
				PRODUCT_NAME = "$(TARGET_NAME:c99extidentifier)";
				SKIP_INSTALL = YES;
				SWIFT_VERSION = 5.0;
				TARGETED_DEVICE_FAMILY = "1,2";
				VERSIONING_SYSTEM = "apple-generic";
				VERSION_INFO_PREFIX = "";
			};
			name = Release;
		};
		F6617D7226DFD7F4004AB050 /* Debug */ = {
			isa = XCBuildConfiguration;
			buildSettings = {
				ALWAYS_EMBED_SWIFT_STANDARD_LIBRARIES = YES;
				CODE_SIGN_STYLE = Automatic;
				INFOPLIST_FILE = StorageServiceTests/Info.plist;
				LD_RUNPATH_SEARCH_PATHS = (
					"$(inherited)",
					"@executable_path/Frameworks",
					"@loader_path/Frameworks",
				);
				PRODUCT_BUNDLE_IDENTIFIER = ru.dmitry.nikishov.StorageServiceTests;
				PRODUCT_NAME = "$(TARGET_NAME)";
				SWIFT_VERSION = 5.0;
				TARGETED_DEVICE_FAMILY = "1,2";
				TEST_HOST = "$(BUILT_PRODUCTS_DIR)/vk.app/vk";
			};
			name = Debug;
		};
		F6617D7326DFD7F4004AB050 /* Release */ = {
			isa = XCBuildConfiguration;
			buildSettings = {
				ALWAYS_EMBED_SWIFT_STANDARD_LIBRARIES = YES;
				CODE_SIGN_STYLE = Automatic;
				INFOPLIST_FILE = StorageServiceTests/Info.plist;
				LD_RUNPATH_SEARCH_PATHS = (
					"$(inherited)",
					"@executable_path/Frameworks",
					"@loader_path/Frameworks",
				);
				PRODUCT_BUNDLE_IDENTIFIER = ru.dmitry.nikishov.StorageServiceTests;
				PRODUCT_NAME = "$(TARGET_NAME)";
				SWIFT_VERSION = 5.0;
				TARGETED_DEVICE_FAMILY = "1,2";
				TEST_HOST = "$(BUILT_PRODUCTS_DIR)/vk.app/vk";
			};
			name = Release;
		};
		F67144832697C94800495503 /* Debug */ = {
			isa = XCBuildConfiguration;
			buildSettings = {
				ALWAYS_SEARCH_USER_PATHS = NO;
				CLANG_ANALYZER_NONNULL = YES;
				CLANG_ANALYZER_NUMBER_OBJECT_CONVERSION = YES_AGGRESSIVE;
				CLANG_CXX_LANGUAGE_STANDARD = "gnu++14";
				CLANG_CXX_LIBRARY = "libc++";
				CLANG_ENABLE_MODULES = YES;
				CLANG_ENABLE_OBJC_ARC = YES;
				CLANG_ENABLE_OBJC_WEAK = YES;
				CLANG_WARN_BLOCK_CAPTURE_AUTORELEASING = YES;
				CLANG_WARN_BOOL_CONVERSION = YES;
				CLANG_WARN_COMMA = YES;
				CLANG_WARN_CONSTANT_CONVERSION = YES;
				CLANG_WARN_DEPRECATED_OBJC_IMPLEMENTATIONS = YES;
				CLANG_WARN_DIRECT_OBJC_ISA_USAGE = YES_ERROR;
				CLANG_WARN_DOCUMENTATION_COMMENTS = YES;
				CLANG_WARN_EMPTY_BODY = YES;
				CLANG_WARN_ENUM_CONVERSION = YES;
				CLANG_WARN_INFINITE_RECURSION = YES;
				CLANG_WARN_INT_CONVERSION = YES;
				CLANG_WARN_NON_LITERAL_NULL_CONVERSION = YES;
				CLANG_WARN_OBJC_IMPLICIT_RETAIN_SELF = YES;
				CLANG_WARN_OBJC_LITERAL_CONVERSION = YES;
				CLANG_WARN_OBJC_ROOT_CLASS = YES_ERROR;
				CLANG_WARN_QUOTED_INCLUDE_IN_FRAMEWORK_HEADER = YES;
				CLANG_WARN_RANGE_LOOP_ANALYSIS = YES;
				CLANG_WARN_STRICT_PROTOTYPES = YES;
				CLANG_WARN_SUSPICIOUS_MOVE = YES;
				CLANG_WARN_UNGUARDED_AVAILABILITY = YES_AGGRESSIVE;
				CLANG_WARN_UNREACHABLE_CODE = YES;
				CLANG_WARN__DUPLICATE_METHOD_MATCH = YES;
				COPY_PHASE_STRIP = NO;
				DEBUG_INFORMATION_FORMAT = dwarf;
				ENABLE_STRICT_OBJC_MSGSEND = YES;
				ENABLE_TESTABILITY = YES;
				GCC_C_LANGUAGE_STANDARD = gnu11;
				GCC_DYNAMIC_NO_PIC = NO;
				GCC_NO_COMMON_BLOCKS = YES;
				GCC_OPTIMIZATION_LEVEL = 0;
				GCC_PREPROCESSOR_DEFINITIONS = (
					"DEBUG=1",
					"$(inherited)",
				);
				GCC_WARN_64_TO_32_BIT_CONVERSION = YES;
				GCC_WARN_ABOUT_RETURN_TYPE = YES_ERROR;
				GCC_WARN_UNDECLARED_SELECTOR = YES;
				GCC_WARN_UNINITIALIZED_AUTOS = YES_AGGRESSIVE;
				GCC_WARN_UNUSED_FUNCTION = YES;
				GCC_WARN_UNUSED_VARIABLE = YES;
				IPHONEOS_DEPLOYMENT_TARGET = 14.5;
				MTL_ENABLE_DEBUG_INFO = INCLUDE_SOURCE;
				MTL_FAST_MATH = YES;
				ONLY_ACTIVE_ARCH = YES;
				SDKROOT = iphoneos;
				SWIFT_ACTIVE_COMPILATION_CONDITIONS = DEBUG;
				SWIFT_OPTIMIZATION_LEVEL = "-Onone";
			};
			name = Debug;
		};
		F67144842697C94800495503 /* Release */ = {
			isa = XCBuildConfiguration;
			buildSettings = {
				ALWAYS_SEARCH_USER_PATHS = NO;
				CLANG_ANALYZER_NONNULL = YES;
				CLANG_ANALYZER_NUMBER_OBJECT_CONVERSION = YES_AGGRESSIVE;
				CLANG_CXX_LANGUAGE_STANDARD = "gnu++14";
				CLANG_CXX_LIBRARY = "libc++";
				CLANG_ENABLE_MODULES = YES;
				CLANG_ENABLE_OBJC_ARC = YES;
				CLANG_ENABLE_OBJC_WEAK = YES;
				CLANG_WARN_BLOCK_CAPTURE_AUTORELEASING = YES;
				CLANG_WARN_BOOL_CONVERSION = YES;
				CLANG_WARN_COMMA = YES;
				CLANG_WARN_CONSTANT_CONVERSION = YES;
				CLANG_WARN_DEPRECATED_OBJC_IMPLEMENTATIONS = YES;
				CLANG_WARN_DIRECT_OBJC_ISA_USAGE = YES_ERROR;
				CLANG_WARN_DOCUMENTATION_COMMENTS = YES;
				CLANG_WARN_EMPTY_BODY = YES;
				CLANG_WARN_ENUM_CONVERSION = YES;
				CLANG_WARN_INFINITE_RECURSION = YES;
				CLANG_WARN_INT_CONVERSION = YES;
				CLANG_WARN_NON_LITERAL_NULL_CONVERSION = YES;
				CLANG_WARN_OBJC_IMPLICIT_RETAIN_SELF = YES;
				CLANG_WARN_OBJC_LITERAL_CONVERSION = YES;
				CLANG_WARN_OBJC_ROOT_CLASS = YES_ERROR;
				CLANG_WARN_QUOTED_INCLUDE_IN_FRAMEWORK_HEADER = YES;
				CLANG_WARN_RANGE_LOOP_ANALYSIS = YES;
				CLANG_WARN_STRICT_PROTOTYPES = YES;
				CLANG_WARN_SUSPICIOUS_MOVE = YES;
				CLANG_WARN_UNGUARDED_AVAILABILITY = YES_AGGRESSIVE;
				CLANG_WARN_UNREACHABLE_CODE = YES;
				CLANG_WARN__DUPLICATE_METHOD_MATCH = YES;
				COPY_PHASE_STRIP = NO;
				DEBUG_INFORMATION_FORMAT = "dwarf-with-dsym";
				ENABLE_NS_ASSERTIONS = NO;
				ENABLE_STRICT_OBJC_MSGSEND = YES;
				GCC_C_LANGUAGE_STANDARD = gnu11;
				GCC_NO_COMMON_BLOCKS = YES;
				GCC_WARN_64_TO_32_BIT_CONVERSION = YES;
				GCC_WARN_ABOUT_RETURN_TYPE = YES_ERROR;
				GCC_WARN_UNDECLARED_SELECTOR = YES;
				GCC_WARN_UNINITIALIZED_AUTOS = YES_AGGRESSIVE;
				GCC_WARN_UNUSED_FUNCTION = YES;
				GCC_WARN_UNUSED_VARIABLE = YES;
				IPHONEOS_DEPLOYMENT_TARGET = 14.5;
				MTL_ENABLE_DEBUG_INFO = NO;
				MTL_FAST_MATH = YES;
				SDKROOT = iphoneos;
				SWIFT_COMPILATION_MODE = wholemodule;
				SWIFT_OPTIMIZATION_LEVEL = "-O";
				VALIDATE_PRODUCT = YES;
			};
			name = Release;
		};
		F67144862697C94800495503 /* Debug */ = {
			isa = XCBuildConfiguration;
			buildSettings = {
				ALWAYS_EMBED_SWIFT_STANDARD_LIBRARIES = YES;
				ASSETCATALOG_COMPILER_APPICON_NAME = AppIcon;
				ASSETCATALOG_COMPILER_GLOBAL_ACCENT_COLOR_NAME = AccentColor;
				CODE_SIGN_STYLE = Automatic;
				INFOPLIST_FILE = vk/Info.plist;
				LD_RUNPATH_SEARCH_PATHS = (
					"$(inherited)",
					"@executable_path/Frameworks",
				);
				PRODUCT_BUNDLE_IDENTIFIER = ru.dmitry.nikishov.vk;
				PRODUCT_NAME = "$(TARGET_NAME)";
				SWIFT_VERSION = 5.0;
				TARGETED_DEVICE_FAMILY = "1,2";
			};
			name = Debug;
		};
		F67144872697C94800495503 /* Release */ = {
			isa = XCBuildConfiguration;
			buildSettings = {
				ALWAYS_EMBED_SWIFT_STANDARD_LIBRARIES = YES;
				ASSETCATALOG_COMPILER_APPICON_NAME = AppIcon;
				ASSETCATALOG_COMPILER_GLOBAL_ACCENT_COLOR_NAME = AccentColor;
				CODE_SIGN_STYLE = Automatic;
				INFOPLIST_FILE = vk/Info.plist;
				LD_RUNPATH_SEARCH_PATHS = (
					"$(inherited)",
					"@executable_path/Frameworks",
				);
				PRODUCT_BUNDLE_IDENTIFIER = ru.dmitry.nikishov.vk;
				PRODUCT_NAME = "$(TARGET_NAME)";
				SWIFT_VERSION = 5.0;
				TARGETED_DEVICE_FAMILY = "1,2";
			};
			name = Release;
		};
/* End XCBuildConfiguration section */

/* Begin XCConfigurationList section */
		F6617D6D26DFD7F4004AB050 /* Build configuration list for PBXNativeTarget "StorageService" */ = {
			isa = XCConfigurationList;
			buildConfigurations = (
				F6617D6E26DFD7F4004AB050 /* Debug */,
				F6617D6F26DFD7F4004AB050 /* Release */,
			);
			defaultConfigurationIsVisible = 0;
			defaultConfigurationName = Release;
		};
		F6617D7126DFD7F4004AB050 /* Build configuration list for PBXNativeTarget "StorageServiceTests" */ = {
			isa = XCConfigurationList;
			buildConfigurations = (
				F6617D7226DFD7F4004AB050 /* Debug */,
				F6617D7326DFD7F4004AB050 /* Release */,
			);
			defaultConfigurationIsVisible = 0;
			defaultConfigurationName = Release;
		};
		F671446C2697C94600495503 /* Build configuration list for PBXProject "vk" */ = {
			isa = XCConfigurationList;
			buildConfigurations = (
				F67144832697C94800495503 /* Debug */,
				F67144842697C94800495503 /* Release */,
			);
			defaultConfigurationIsVisible = 0;
			defaultConfigurationName = Release;
		};
		F67144852697C94800495503 /* Build configuration list for PBXNativeTarget "vk" */ = {
			isa = XCConfigurationList;
			buildConfigurations = (
				F67144862697C94800495503 /* Debug */,
				F67144872697C94800495503 /* Release */,
			);
			defaultConfigurationIsVisible = 0;
			defaultConfigurationName = Release;
		};
/* End XCConfigurationList section */
	};
	rootObject = F67144692697C94600495503 /* Project object */;
}
