// !$*UTF8*$!
{
	archiveVersion = 1;
	classes = {
	};
	objectVersion = 55;
	objects = {

/* Begin PBXBuildFile section */
		F61584AC276D361E0002140B /* AppDelegate.swift in Sources */ = {isa = PBXBuildFile; fileRef = F61584AB276D361E0002140B /* AppDelegate.swift */; };
		F61584AE276D361E0002140B /* SceneDelegate.swift in Sources */ = {isa = PBXBuildFile; fileRef = F61584AD276D361E0002140B /* SceneDelegate.swift */; };
		F61584B0276D361E0002140B /* OnboardingViewController.swift in Sources */ = {isa = PBXBuildFile; fileRef = F61584AF276D361E0002140B /* OnboardingViewController.swift */; };
		F61584B8276D361F0002140B /* Assets.xcassets in Resources */ = {isa = PBXBuildFile; fileRef = F61584B7276D361F0002140B /* Assets.xcassets */; };
		F61584BB276D361F0002140B /* LaunchScreen.storyboard in Resources */ = {isa = PBXBuildFile; fileRef = F61584B9276D361F0002140B /* LaunchScreen.storyboard */; };
		F61584C6276D39380002140B /* OnboardingView.swift in Sources */ = {isa = PBXBuildFile; fileRef = F61584C5276D39380002140B /* OnboardingView.swift */; };
		F61584C9276D51390002140B /* AppTypes.swift in Sources */ = {isa = PBXBuildFile; fileRef = F61584C8276D51390002140B /* AppTypes.swift */; };
		F61584CD276FD77F0002140B /* SettingsViewController.swift in Sources */ = {isa = PBXBuildFile; fileRef = F61584CC276FD77F0002140B /* SettingsViewController.swift */; };
		F61584CF276FD7B10002140B /* SettingsView.swift in Sources */ = {isa = PBXBuildFile; fileRef = F61584CE276FD7B10002140B /* SettingsView.swift */; };
		F61584D12771266A0002140B /* MainViewController.swift in Sources */ = {isa = PBXBuildFile; fileRef = F61584D02771266A0002140B /* MainViewController.swift */; };
		F61584D3277126B50002140B /* MainView.swift in Sources */ = {isa = PBXBuildFile; fileRef = F61584D2277126B50002140B /* MainView.swift */; };
		F61584D5277143A50002140B /* NavigationView.swift in Sources */ = {isa = PBXBuildFile; fileRef = F61584D4277143A50002140B /* NavigationView.swift */; };
		F61584D727714B040002140B /* DayDisplayView.swift in Sources */ = {isa = PBXBuildFile; fileRef = F61584D627714B040002140B /* DayDisplayView.swift */; };
		F61584DB2773F29C0002140B /* GoToDetailed24View.swift in Sources */ = {isa = PBXBuildFile; fileRef = F61584DA2773F29C0002140B /* GoToDetailed24View.swift */; };
		F61584DF27748F2B0002140B /* PerHourDataView.swift in Sources */ = {isa = PBXBuildFile; fileRef = F61584DE27748F2B0002140B /* PerHourDataView.swift */; };
		F61584E2277492DF0002140B /* WeatherPerHourCell.swift in Sources */ = {isa = PBXBuildFile; fileRef = F61584E1277492DF0002140B /* WeatherPerHourCell.swift */; };
		F61584E4277680CC0002140B /* PerDayHeaderAreaView.swift in Sources */ = {isa = PBXBuildFile; fileRef = F61584E3277680CC0002140B /* PerDayHeaderAreaView.swift */; };
		F61584E627768B300002140B /* PerDayAreaView.swift in Sources */ = {isa = PBXBuildFile; fileRef = F61584E527768B300002140B /* PerDayAreaView.swift */; };
		F61584E827768C2B0002140B /* WeatherPerDayCell.swift in Sources */ = {isa = PBXBuildFile; fileRef = F61584E727768C2B0002140B /* WeatherPerDayCell.swift */; };
		F61584EB278645200002140B /* LayoutAssembler.swift in Sources */ = {isa = PBXBuildFile; fileRef = F61584EA278645200002140B /* LayoutAssembler.swift */; };
		F61584ED27864C430002140B /* DaySummaryController.swift in Sources */ = {isa = PBXBuildFile; fileRef = F61584EC27864C430002140B /* DaySummaryController.swift */; };
		F61584EF27864C8C0002140B /* DaySummaryView.swift in Sources */ = {isa = PBXBuildFile; fileRef = F61584EE27864C8C0002140B /* DaySummaryView.swift */; };
		F61584F1278657B20002140B /* DaySummarySelectorView.swift in Sources */ = {isa = PBXBuildFile; fileRef = F61584F0278657B20002140B /* DaySummarySelectorView.swift */; };
		F61584F327865BBE0002140B /* DaySummarySelectorCell.swift in Sources */ = {isa = PBXBuildFile; fileRef = F61584F227865BBE0002140B /* DaySummarySelectorCell.swift */; };
		F61584F52788B79C0002140B /* ForecastDetailsView.swift in Sources */ = {isa = PBXBuildFile; fileRef = F61584F42788B79C0002140B /* ForecastDetailsView.swift */; };
		F61584F7278A48450002140B /* WeatherDetailsRowView.swift in Sources */ = {isa = PBXBuildFile; fileRef = F61584F6278A48450002140B /* WeatherDetailsRowView.swift */; };
		F61584F9278A50610002140B /* AirQualityDetailsView.swift in Sources */ = {isa = PBXBuildFile; fileRef = F61584F8278A50610002140B /* AirQualityDetailsView.swift */; };
		F61584FB278A50C80002140B /* SunAndMoonDetailsView.swift in Sources */ = {isa = PBXBuildFile; fileRef = F61584FA278A50C80002140B /* SunAndMoonDetailsView.swift */; };
		F61584FD278A593E0002140B /* PaddingLabel.swift in Sources */ = {isa = PBXBuildFile; fileRef = F61584FC278A593E0002140B /* PaddingLabel.swift */; };
		F61584FF278C5C930002140B /* HourSummaryView.swift in Sources */ = {isa = PBXBuildFile; fileRef = F61584FE278C5C930002140B /* HourSummaryView.swift */; };
		F6158501278C5D040002140B /* HourSummaryViewController.swift in Sources */ = {isa = PBXBuildFile; fileRef = F6158500278C5D040002140B /* HourSummaryViewController.swift */; };
		F6158503278C62630002140B /* HourSummaryTableDetailsView.swift in Sources */ = {isa = PBXBuildFile; fileRef = F6158502278C62630002140B /* HourSummaryTableDetailsView.swift */; };
		F6158505278C63120002140B /* HourGraphView.swift in Sources */ = {isa = PBXBuildFile; fileRef = F6158504278C63120002140B /* HourGraphView.swift */; };
		F6158507278C660C0002140B /* HourDetailsTableCell.swift in Sources */ = {isa = PBXBuildFile; fileRef = F6158506278C660C0002140B /* HourDetailsTableCell.swift */; };
		F615850A278C99CF0002140B /* Charts in Frameworks */ = {isa = PBXBuildFile; productRef = F6158509278C99CF0002140B /* Charts */; };
		F615850E278CE7E90002140B /* SimDateRangeProvider.swift in Sources */ = {isa = PBXBuildFile; fileRef = F615850D278CE7E90002140B /* SimDateRangeProvider.swift */; };
		F6158511278D061B0002140B /* YandexGeocoding.swift in Sources */ = {isa = PBXBuildFile; fileRef = F6158510278D061B0002140B /* YandexGeocoding.swift */; };
		F6158514278D07200002140B /* Alamofire in Frameworks */ = {isa = PBXBuildFile; productRef = F6158513278D07200002140B /* Alamofire */; };
		F6158517278EF5A00002140B /* CoordinatorTypes.swift in Sources */ = {isa = PBXBuildFile; fileRef = F6158516278EF5A00002140B /* CoordinatorTypes.swift */; };
		F6158519278EF6590002140B /* AppCoordinator.swift in Sources */ = {isa = PBXBuildFile; fileRef = F6158518278EF6590002140B /* AppCoordinator.swift */; };
		F615851B278EF6CE0002140B /* OnboardingCoordinator.swift in Sources */ = {isa = PBXBuildFile; fileRef = F615851A278EF6CE0002140B /* OnboardingCoordinator.swift */; };
		F615851D278EF71C0002140B /* ViewModelFactory.swift in Sources */ = {isa = PBXBuildFile; fileRef = F615851C278EF71C0002140B /* ViewModelFactory.swift */; };
		F615851F278EF9020002140B /* AppAlert.swift in Sources */ = {isa = PBXBuildFile; fileRef = F615851E278EF9020002140B /* AppAlert.swift */; };
		F6158521278EF92E0002140B /* AppConstants.swift in Sources */ = {isa = PBXBuildFile; fileRef = F6158520278EF92E0002140B /* AppConstants.swift */; };
		F6158523278F07D10002140B /* MainCoordinator.swift in Sources */ = {isa = PBXBuildFile; fileRef = F6158522278F07D10002140B /* MainCoordinator.swift */; };
		F6158525278F11880002140B /* SettingsCoordinator.swift in Sources */ = {isa = PBXBuildFile; fileRef = F6158524278F11880002140B /* SettingsCoordinator.swift */; };
		F6158527278F1A360002140B /* DaySummaryCoordinator.swift in Sources */ = {isa = PBXBuildFile; fileRef = F6158526278F1A360002140B /* DaySummaryCoordinator.swift */; };
		F6158529278F1ACC0002140B /* HourSummaryCoordinator.swift in Sources */ = {isa = PBXBuildFile; fileRef = F6158528278F1ACC0002140B /* HourSummaryCoordinator.swift */; };
		F615853A27A342AA0002140B /* CurrentLocationProvider.swift in Sources */ = {isa = PBXBuildFile; fileRef = F615853927A342AA0002140B /* CurrentLocationProvider.swift */; };
		F615853C27A345E50002140B /* GeoTypes.swift in Sources */ = {isa = PBXBuildFile; fileRef = F615853B27A345E50002140B /* GeoTypes.swift */; };
		F615854027A492D20002140B /* GeocodingTests.swift in Sources */ = {isa = PBXBuildFile; fileRef = F615853F27A492D20002140B /* GeocodingTests.swift */; };
		F615854A27A4A4380002140B /* GeoPositionExtractor.swift in Sources */ = {isa = PBXBuildFile; fileRef = F615854927A4A4380002140B /* GeoPositionExtractor.swift */; };
		F615854C27A4A4750002140B /* GeoPositionExtractorTests.swift in Sources */ = {isa = PBXBuildFile; fileRef = F615854B27A4A4750002140B /* GeoPositionExtractorTests.swift */; };
		F615854E27A8858D0002140B /* GeoPointsDb.swift in Sources */ = {isa = PBXBuildFile; fileRef = F615854D27A8858D0002140B /* GeoPointsDb.swift */; };
		F615855127A886B40002140B /* Realm in Frameworks */ = {isa = PBXBuildFile; productRef = F615855027A886B40002140B /* Realm */; };
		F615855327A886B40002140B /* RealmSwift in Frameworks */ = {isa = PBXBuildFile; productRef = F615855227A886B40002140B /* RealmSwift */; };
		F615855627AB2A070002140B /* WeatherClient.swift in Sources */ = {isa = PBXBuildFile; fileRef = F615855527AB2A070002140B /* WeatherClient.swift */; };
		F615855827AB2B3A0002140B /* WeatherData.swift in Sources */ = {isa = PBXBuildFile; fileRef = F615855727AB2B3A0002140B /* WeatherData.swift */; };
		F615855B27AB2CEE0002140B /* SwiftyJSON in Frameworks */ = {isa = PBXBuildFile; productRef = F615855A27AB2CEE0002140B /* SwiftyJSON */; };
		F615855D27AB2EC40002140B /* WeatherApiTypes.swift in Sources */ = {isa = PBXBuildFile; fileRef = F615855C27AB2EC40002140B /* WeatherApiTypes.swift */; };
		F615855F27AB30110002140B /* WeatherApiTests.swift in Sources */ = {isa = PBXBuildFile; fileRef = F615855E27AB30110002140B /* WeatherApiTests.swift */; };
		F615856127AC8BEF0002140B /* YandexGeocoderPrimitives.swift in Sources */ = {isa = PBXBuildFile; fileRef = F615856027AC8BEF0002140B /* YandexGeocoderPrimitives.swift */; };
		F615856327ADD4000002140B /* UiDateTimeFormater.swift in Sources */ = {isa = PBXBuildFile; fileRef = F615856227ADD4000002140B /* UiDateTimeFormater.swift */; };
		F615856527ADD4EE0002140B /* UiDateTimeFormatterTests.swift in Sources */ = {isa = PBXBuildFile; fileRef = F615856427ADD4EE0002140B /* UiDateTimeFormatterTests.swift */; };
		F615856727ADD8310002140B /* WeatherUIData.swift in Sources */ = {isa = PBXBuildFile; fileRef = F615856627ADD8310002140B /* WeatherUIData.swift */; };
		F615856927B325F20002140B /* WeatherDataOneDayDb.swift in Sources */ = {isa = PBXBuildFile; fileRef = F615856827B325F20002140B /* WeatherDataOneDayDb.swift */; };
		F615856B27B32B370002140B /* WeatherDataHourlyDb.swift in Sources */ = {isa = PBXBuildFile; fileRef = F615856A27B32B370002140B /* WeatherDataHourlyDb.swift */; };
		F615856D27B32EF00002140B /* WeatherDataMonthlyDb.swift in Sources */ = {isa = PBXBuildFile; fileRef = F615856C27B32EF00002140B /* WeatherDataMonthlyDb.swift */; };
		F615856F27B598190002140B /* WeatherDataProvider.swift in Sources */ = {isa = PBXBuildFile; fileRef = F615856E27B598190002140B /* WeatherDataProvider.swift */; };
/* End PBXBuildFile section */

/* Begin PBXContainerItemProxy section */
		F615853227A33C800002140B /* PBXContainerItemProxy */ = {
			isa = PBXContainerItemProxy;
			containerPortal = F61584A0276D361E0002140B /* Project object */;
			proxyType = 1;
			remoteGlobalIDString = F61584A7276D361E0002140B;
			remoteInfo = WeatherApp;
		};
/* End PBXContainerItemProxy section */

/* Begin PBXFileReference section */
		F61584A8276D361E0002140B /* WeatherApp.app */ = {isa = PBXFileReference; explicitFileType = wrapper.application; includeInIndex = 0; path = WeatherApp.app; sourceTree = BUILT_PRODUCTS_DIR; };
		F61584AB276D361E0002140B /* AppDelegate.swift */ = {isa = PBXFileReference; lastKnownFileType = sourcecode.swift; path = AppDelegate.swift; sourceTree = "<group>"; };
		F61584AD276D361E0002140B /* SceneDelegate.swift */ = {isa = PBXFileReference; lastKnownFileType = sourcecode.swift; path = SceneDelegate.swift; sourceTree = "<group>"; };
		F61584AF276D361E0002140B /* OnboardingViewController.swift */ = {isa = PBXFileReference; lastKnownFileType = sourcecode.swift; path = OnboardingViewController.swift; sourceTree = "<group>"; };
		F61584B7276D361F0002140B /* Assets.xcassets */ = {isa = PBXFileReference; lastKnownFileType = folder.assetcatalog; path = Assets.xcassets; sourceTree = "<group>"; };
		F61584BA276D361F0002140B /* Base */ = {isa = PBXFileReference; lastKnownFileType = file.storyboard; name = Base; path = Base.lproj/LaunchScreen.storyboard; sourceTree = "<group>"; };
		F61584BC276D361F0002140B /* Info.plist */ = {isa = PBXFileReference; lastKnownFileType = text.plist.xml; path = Info.plist; sourceTree = "<group>"; };
		F61584C5276D39380002140B /* OnboardingView.swift */ = {isa = PBXFileReference; lastKnownFileType = sourcecode.swift; path = OnboardingView.swift; sourceTree = "<group>"; };
		F61584C8276D51390002140B /* AppTypes.swift */ = {isa = PBXFileReference; lastKnownFileType = sourcecode.swift; path = AppTypes.swift; sourceTree = "<group>"; };
		F61584CC276FD77F0002140B /* SettingsViewController.swift */ = {isa = PBXFileReference; lastKnownFileType = sourcecode.swift; path = SettingsViewController.swift; sourceTree = "<group>"; };
		F61584CE276FD7B10002140B /* SettingsView.swift */ = {isa = PBXFileReference; lastKnownFileType = sourcecode.swift; path = SettingsView.swift; sourceTree = "<group>"; };
		F61584D02771266A0002140B /* MainViewController.swift */ = {isa = PBXFileReference; lastKnownFileType = sourcecode.swift; path = MainViewController.swift; sourceTree = "<group>"; };
		F61584D2277126B50002140B /* MainView.swift */ = {isa = PBXFileReference; lastKnownFileType = sourcecode.swift; path = MainView.swift; sourceTree = "<group>"; };
		F61584D4277143A50002140B /* NavigationView.swift */ = {isa = PBXFileReference; lastKnownFileType = sourcecode.swift; path = NavigationView.swift; sourceTree = "<group>"; };
		F61584D627714B040002140B /* DayDisplayView.swift */ = {isa = PBXFileReference; lastKnownFileType = sourcecode.swift; path = DayDisplayView.swift; sourceTree = "<group>"; };
		F61584DA2773F29C0002140B /* GoToDetailed24View.swift */ = {isa = PBXFileReference; lastKnownFileType = sourcecode.swift; path = GoToDetailed24View.swift; sourceTree = "<group>"; };
		F61584DE27748F2B0002140B /* PerHourDataView.swift */ = {isa = PBXFileReference; lastKnownFileType = sourcecode.swift; path = PerHourDataView.swift; sourceTree = "<group>"; };
		F61584E1277492DF0002140B /* WeatherPerHourCell.swift */ = {isa = PBXFileReference; lastKnownFileType = sourcecode.swift; path = WeatherPerHourCell.swift; sourceTree = "<group>"; };
		F61584E3277680CC0002140B /* PerDayHeaderAreaView.swift */ = {isa = PBXFileReference; lastKnownFileType = sourcecode.swift; path = PerDayHeaderAreaView.swift; sourceTree = "<group>"; };
		F61584E527768B300002140B /* PerDayAreaView.swift */ = {isa = PBXFileReference; lastKnownFileType = sourcecode.swift; path = PerDayAreaView.swift; sourceTree = "<group>"; };
		F61584E727768C2B0002140B /* WeatherPerDayCell.swift */ = {isa = PBXFileReference; lastKnownFileType = sourcecode.swift; path = WeatherPerDayCell.swift; sourceTree = "<group>"; };
		F61584EA278645200002140B /* LayoutAssembler.swift */ = {isa = PBXFileReference; lastKnownFileType = sourcecode.swift; path = LayoutAssembler.swift; sourceTree = "<group>"; };
		F61584EC27864C430002140B /* DaySummaryController.swift */ = {isa = PBXFileReference; lastKnownFileType = sourcecode.swift; path = DaySummaryController.swift; sourceTree = "<group>"; };
		F61584EE27864C8C0002140B /* DaySummaryView.swift */ = {isa = PBXFileReference; lastKnownFileType = sourcecode.swift; path = DaySummaryView.swift; sourceTree = "<group>"; };
		F61584F0278657B20002140B /* DaySummarySelectorView.swift */ = {isa = PBXFileReference; lastKnownFileType = sourcecode.swift; path = DaySummarySelectorView.swift; sourceTree = "<group>"; };
		F61584F227865BBE0002140B /* DaySummarySelectorCell.swift */ = {isa = PBXFileReference; lastKnownFileType = sourcecode.swift; path = DaySummarySelectorCell.swift; sourceTree = "<group>"; };
		F61584F42788B79C0002140B /* ForecastDetailsView.swift */ = {isa = PBXFileReference; lastKnownFileType = sourcecode.swift; path = ForecastDetailsView.swift; sourceTree = "<group>"; };
		F61584F6278A48450002140B /* WeatherDetailsRowView.swift */ = {isa = PBXFileReference; lastKnownFileType = sourcecode.swift; path = WeatherDetailsRowView.swift; sourceTree = "<group>"; };
		F61584F8278A50610002140B /* AirQualityDetailsView.swift */ = {isa = PBXFileReference; lastKnownFileType = sourcecode.swift; path = AirQualityDetailsView.swift; sourceTree = "<group>"; };
		F61584FA278A50C80002140B /* SunAndMoonDetailsView.swift */ = {isa = PBXFileReference; lastKnownFileType = sourcecode.swift; path = SunAndMoonDetailsView.swift; sourceTree = "<group>"; };
		F61584FC278A593E0002140B /* PaddingLabel.swift */ = {isa = PBXFileReference; lastKnownFileType = sourcecode.swift; path = PaddingLabel.swift; sourceTree = "<group>"; };
		F61584FE278C5C930002140B /* HourSummaryView.swift */ = {isa = PBXFileReference; lastKnownFileType = sourcecode.swift; path = HourSummaryView.swift; sourceTree = "<group>"; };
		F6158500278C5D040002140B /* HourSummaryViewController.swift */ = {isa = PBXFileReference; lastKnownFileType = sourcecode.swift; path = HourSummaryViewController.swift; sourceTree = "<group>"; };
		F6158502278C62630002140B /* HourSummaryTableDetailsView.swift */ = {isa = PBXFileReference; lastKnownFileType = sourcecode.swift; path = HourSummaryTableDetailsView.swift; sourceTree = "<group>"; };
		F6158504278C63120002140B /* HourGraphView.swift */ = {isa = PBXFileReference; lastKnownFileType = sourcecode.swift; path = HourGraphView.swift; sourceTree = "<group>"; };
		F6158506278C660C0002140B /* HourDetailsTableCell.swift */ = {isa = PBXFileReference; lastKnownFileType = sourcecode.swift; path = HourDetailsTableCell.swift; sourceTree = "<group>"; };
		F615850D278CE7E90002140B /* SimDateRangeProvider.swift */ = {isa = PBXFileReference; lastKnownFileType = sourcecode.swift; path = SimDateRangeProvider.swift; sourceTree = "<group>"; };
		F6158510278D061B0002140B /* YandexGeocoding.swift */ = {isa = PBXFileReference; lastKnownFileType = sourcecode.swift; path = YandexGeocoding.swift; sourceTree = "<group>"; };
		F6158516278EF5A00002140B /* CoordinatorTypes.swift */ = {isa = PBXFileReference; lastKnownFileType = sourcecode.swift; path = CoordinatorTypes.swift; sourceTree = "<group>"; };
		F6158518278EF6590002140B /* AppCoordinator.swift */ = {isa = PBXFileReference; lastKnownFileType = sourcecode.swift; path = AppCoordinator.swift; sourceTree = "<group>"; };
		F615851A278EF6CE0002140B /* OnboardingCoordinator.swift */ = {isa = PBXFileReference; lastKnownFileType = sourcecode.swift; path = OnboardingCoordinator.swift; sourceTree = "<group>"; };
		F615851C278EF71C0002140B /* ViewModelFactory.swift */ = {isa = PBXFileReference; lastKnownFileType = sourcecode.swift; path = ViewModelFactory.swift; sourceTree = "<group>"; };
		F615851E278EF9020002140B /* AppAlert.swift */ = {isa = PBXFileReference; lastKnownFileType = sourcecode.swift; path = AppAlert.swift; sourceTree = "<group>"; };
		F6158520278EF92E0002140B /* AppConstants.swift */ = {isa = PBXFileReference; lastKnownFileType = sourcecode.swift; path = AppConstants.swift; sourceTree = "<group>"; };
		F6158522278F07D10002140B /* MainCoordinator.swift */ = {isa = PBXFileReference; lastKnownFileType = sourcecode.swift; path = MainCoordinator.swift; sourceTree = "<group>"; };
		F6158524278F11880002140B /* SettingsCoordinator.swift */ = {isa = PBXFileReference; lastKnownFileType = sourcecode.swift; path = SettingsCoordinator.swift; sourceTree = "<group>"; };
		F6158526278F1A360002140B /* DaySummaryCoordinator.swift */ = {isa = PBXFileReference; lastKnownFileType = sourcecode.swift; path = DaySummaryCoordinator.swift; sourceTree = "<group>"; };
		F6158528278F1ACC0002140B /* HourSummaryCoordinator.swift */ = {isa = PBXFileReference; lastKnownFileType = sourcecode.swift; path = HourSummaryCoordinator.swift; sourceTree = "<group>"; };
		F615852E27A33C800002140B /* WeatherAppTests.xctest */ = {isa = PBXFileReference; explicitFileType = wrapper.cfbundle; includeInIndex = 0; path = WeatherAppTests.xctest; sourceTree = BUILT_PRODUCTS_DIR; };
		F615853927A342AA0002140B /* CurrentLocationProvider.swift */ = {isa = PBXFileReference; lastKnownFileType = sourcecode.swift; path = CurrentLocationProvider.swift; sourceTree = "<group>"; };
		F615853B27A345E50002140B /* GeoTypes.swift */ = {isa = PBXFileReference; lastKnownFileType = sourcecode.swift; path = GeoTypes.swift; sourceTree = "<group>"; };
		F615853F27A492D20002140B /* GeocodingTests.swift */ = {isa = PBXFileReference; lastKnownFileType = sourcecode.swift; path = GeocodingTests.swift; sourceTree = "<group>"; };
		F615854927A4A4380002140B /* GeoPositionExtractor.swift */ = {isa = PBXFileReference; lastKnownFileType = sourcecode.swift; path = GeoPositionExtractor.swift; sourceTree = "<group>"; };
		F615854B27A4A4750002140B /* GeoPositionExtractorTests.swift */ = {isa = PBXFileReference; lastKnownFileType = sourcecode.swift; path = GeoPositionExtractorTests.swift; sourceTree = "<group>"; };
		F615854D27A8858D0002140B /* GeoPointsDb.swift */ = {isa = PBXFileReference; lastKnownFileType = sourcecode.swift; path = GeoPointsDb.swift; sourceTree = "<group>"; };
		F615855527AB2A070002140B /* WeatherClient.swift */ = {isa = PBXFileReference; lastKnownFileType = sourcecode.swift; path = WeatherClient.swift; sourceTree = "<group>"; };
		F615855727AB2B3A0002140B /* WeatherData.swift */ = {isa = PBXFileReference; lastKnownFileType = sourcecode.swift; path = WeatherData.swift; sourceTree = "<group>"; };
		F615855C27AB2EC40002140B /* WeatherApiTypes.swift */ = {isa = PBXFileReference; lastKnownFileType = sourcecode.swift; path = WeatherApiTypes.swift; sourceTree = "<group>"; };
		F615855E27AB30110002140B /* WeatherApiTests.swift */ = {isa = PBXFileReference; lastKnownFileType = sourcecode.swift; path = WeatherApiTests.swift; sourceTree = "<group>"; };
		F615856027AC8BEF0002140B /* YandexGeocoderPrimitives.swift */ = {isa = PBXFileReference; lastKnownFileType = sourcecode.swift; path = YandexGeocoderPrimitives.swift; sourceTree = "<group>"; };
		F615856227ADD4000002140B /* UiDateTimeFormater.swift */ = {isa = PBXFileReference; lastKnownFileType = sourcecode.swift; path = UiDateTimeFormater.swift; sourceTree = "<group>"; };
		F615856427ADD4EE0002140B /* UiDateTimeFormatterTests.swift */ = {isa = PBXFileReference; lastKnownFileType = sourcecode.swift; path = UiDateTimeFormatterTests.swift; sourceTree = "<group>"; };
		F615856627ADD8310002140B /* WeatherUIData.swift */ = {isa = PBXFileReference; lastKnownFileType = sourcecode.swift; path = WeatherUIData.swift; sourceTree = "<group>"; };
		F615856827B325F20002140B /* WeatherDataOneDayDb.swift */ = {isa = PBXFileReference; lastKnownFileType = sourcecode.swift; path = WeatherDataOneDayDb.swift; sourceTree = "<group>"; };
		F615856A27B32B370002140B /* WeatherDataHourlyDb.swift */ = {isa = PBXFileReference; lastKnownFileType = sourcecode.swift; path = WeatherDataHourlyDb.swift; sourceTree = "<group>"; };
		F615856C27B32EF00002140B /* WeatherDataMonthlyDb.swift */ = {isa = PBXFileReference; lastKnownFileType = sourcecode.swift; path = WeatherDataMonthlyDb.swift; sourceTree = "<group>"; };
		F615856E27B598190002140B /* WeatherDataProvider.swift */ = {isa = PBXFileReference; lastKnownFileType = sourcecode.swift; path = WeatherDataProvider.swift; sourceTree = "<group>"; };
/* End PBXFileReference section */

/* Begin PBXFrameworksBuildPhase section */
		F61584A5276D361E0002140B /* Frameworks */ = {
			isa = PBXFrameworksBuildPhase;
			buildActionMask = 2147483647;
			files = (
				F615855327A886B40002140B /* RealmSwift in Frameworks */,
				F615855127A886B40002140B /* Realm in Frameworks */,
				F615850A278C99CF0002140B /* Charts in Frameworks */,
				F615855B27AB2CEE0002140B /* SwiftyJSON in Frameworks */,
				F6158514278D07200002140B /* Alamofire in Frameworks */,
			);
			runOnlyForDeploymentPostprocessing = 0;
		};
		F615852B27A33C800002140B /* Frameworks */ = {
			isa = PBXFrameworksBuildPhase;
			buildActionMask = 2147483647;
			files = (
			);
			runOnlyForDeploymentPostprocessing = 0;
		};
/* End PBXFrameworksBuildPhase section */

/* Begin PBXGroup section */
		F615849F276D361E0002140B = {
			isa = PBXGroup;
			children = (
				F61584AA276D361E0002140B /* WeatherApp */,
				F615852F27A33C800002140B /* WeatherAppTests */,
				F61584A9276D361E0002140B /* Products */,
			);
			sourceTree = "<group>";
		};
		F61584A9276D361E0002140B /* Products */ = {
			isa = PBXGroup;
			children = (
				F61584A8276D361E0002140B /* WeatherApp.app */,
				F615852E27A33C800002140B /* WeatherAppTests.xctest */,
			);
			name = Products;
			sourceTree = "<group>";
		};
		F61584AA276D361E0002140B /* WeatherApp */ = {
			isa = PBXGroup;
			children = (
				F615855427AB29E50002140B /* WeatherApi */,
				F615854827A4A4130002140B /* Utility */,
				F6158515278EF5130002140B /* Coordinator */,
				F615850F278D05FE0002140B /* Geocoding */,
				F61584C7276D51220002140B /* Common */,
				F61584C4276D390C0002140B /* Views */,
				F61584C3276D38F90002140B /* DB */,
				F61584C2276D38A10002140B /* Controllers */,
				F61584AB276D361E0002140B /* AppDelegate.swift */,
				F61584AD276D361E0002140B /* SceneDelegate.swift */,
				F61584B7276D361F0002140B /* Assets.xcassets */,
				F61584B9276D361F0002140B /* LaunchScreen.storyboard */,
				F61584BC276D361F0002140B /* Info.plist */,
			);
			path = WeatherApp;
			sourceTree = "<group>";
		};
		F61584C2276D38A10002140B /* Controllers */ = {
			isa = PBXGroup;
			children = (
				F61584AF276D361E0002140B /* OnboardingViewController.swift */,
				F61584CC276FD77F0002140B /* SettingsViewController.swift */,
				F61584D02771266A0002140B /* MainViewController.swift */,
				F61584EC27864C430002140B /* DaySummaryController.swift */,
				F6158500278C5D040002140B /* HourSummaryViewController.swift */,
			);
			path = Controllers;
			sourceTree = "<group>";
		};
		F61584C3276D38F90002140B /* DB */ = {
			isa = PBXGroup;
			children = (
				F615854D27A8858D0002140B /* GeoPointsDb.swift */,
				F615856827B325F20002140B /* WeatherDataOneDayDb.swift */,
				F615856A27B32B370002140B /* WeatherDataHourlyDb.swift */,
				F615856C27B32EF00002140B /* WeatherDataMonthlyDb.swift */,
			);
			path = DB;
			sourceTree = "<group>";
		};
		F61584C4276D390C0002140B /* Views */ = {
			isa = PBXGroup;
			children = (
				F61584E9278643C70002140B /* Components */,
				F61584E0277492C50002140B /* Cells */,
				F61584C5276D39380002140B /* OnboardingView.swift */,
				F61584CE276FD7B10002140B /* SettingsView.swift */,
				F61584D2277126B50002140B /* MainView.swift */,
				F61584EE27864C8C0002140B /* DaySummaryView.swift */,
				F61584FE278C5C930002140B /* HourSummaryView.swift */,
			);
			path = Views;
			sourceTree = "<group>";
		};
		F61584C7276D51220002140B /* Common */ = {
			isa = PBXGroup;
			children = (
				F61584C8276D51390002140B /* AppTypes.swift */,
				F61584EA278645200002140B /* LayoutAssembler.swift */,
				F615850D278CE7E90002140B /* SimDateRangeProvider.swift */,
				F615851E278EF9020002140B /* AppAlert.swift */,
				F6158520278EF92E0002140B /* AppConstants.swift */,
			);
			path = Common;
			sourceTree = "<group>";
		};
		F61584E0277492C50002140B /* Cells */ = {
			isa = PBXGroup;
			children = (
				F61584E1277492DF0002140B /* WeatherPerHourCell.swift */,
				F61584E727768C2B0002140B /* WeatherPerDayCell.swift */,
				F61584F227865BBE0002140B /* DaySummarySelectorCell.swift */,
				F6158506278C660C0002140B /* HourDetailsTableCell.swift */,
			);
			path = Cells;
			sourceTree = "<group>";
		};
		F61584E9278643C70002140B /* Components */ = {
			isa = PBXGroup;
			children = (
				F61584F42788B79C0002140B /* ForecastDetailsView.swift */,
				F61584E527768B300002140B /* PerDayAreaView.swift */,
				F61584E3277680CC0002140B /* PerDayHeaderAreaView.swift */,
				F61584DE27748F2B0002140B /* PerHourDataView.swift */,
				F61584DA2773F29C0002140B /* GoToDetailed24View.swift */,
				F61584D627714B040002140B /* DayDisplayView.swift */,
				F61584D4277143A50002140B /* NavigationView.swift */,
				F61584F0278657B20002140B /* DaySummarySelectorView.swift */,
				F61584F6278A48450002140B /* WeatherDetailsRowView.swift */,
				F61584F8278A50610002140B /* AirQualityDetailsView.swift */,
				F61584FA278A50C80002140B /* SunAndMoonDetailsView.swift */,
				F61584FC278A593E0002140B /* PaddingLabel.swift */,
				F6158502278C62630002140B /* HourSummaryTableDetailsView.swift */,
				F6158504278C63120002140B /* HourGraphView.swift */,
			);
			path = Components;
			sourceTree = "<group>";
		};
		F615850F278D05FE0002140B /* Geocoding */ = {
			isa = PBXGroup;
			children = (
				F6158510278D061B0002140B /* YandexGeocoding.swift */,
				F615853927A342AA0002140B /* CurrentLocationProvider.swift */,
				F615853B27A345E50002140B /* GeoTypes.swift */,
				F615856027AC8BEF0002140B /* YandexGeocoderPrimitives.swift */,
			);
			path = Geocoding;
			sourceTree = "<group>";
		};
		F6158515278EF5130002140B /* Coordinator */ = {
			isa = PBXGroup;
			children = (
				F6158516278EF5A00002140B /* CoordinatorTypes.swift */,
				F6158518278EF6590002140B /* AppCoordinator.swift */,
				F615851A278EF6CE0002140B /* OnboardingCoordinator.swift */,
				F615851C278EF71C0002140B /* ViewModelFactory.swift */,
				F6158522278F07D10002140B /* MainCoordinator.swift */,
				F6158524278F11880002140B /* SettingsCoordinator.swift */,
				F6158526278F1A360002140B /* DaySummaryCoordinator.swift */,
				F6158528278F1ACC0002140B /* HourSummaryCoordinator.swift */,
			);
			path = Coordinator;
			sourceTree = "<group>";
		};
		F615852F27A33C800002140B /* WeatherAppTests */ = {
			isa = PBXGroup;
			children = (
				F615853F27A492D20002140B /* GeocodingTests.swift */,
				F615854B27A4A4750002140B /* GeoPositionExtractorTests.swift */,
				F615855E27AB30110002140B /* WeatherApiTests.swift */,
				F615856427ADD4EE0002140B /* UiDateTimeFormatterTests.swift */,
			);
			path = WeatherAppTests;
			sourceTree = "<group>";
		};
		F615854827A4A4130002140B /* Utility */ = {
			isa = PBXGroup;
			children = (
				F615854927A4A4380002140B /* GeoPositionExtractor.swift */,
				F615856227ADD4000002140B /* UiDateTimeFormater.swift */,
			);
			path = Utility;
			sourceTree = "<group>";
		};
		F615855427AB29E50002140B /* WeatherApi */ = {
			isa = PBXGroup;
			children = (
				F615855527AB2A070002140B /* WeatherClient.swift */,
				F615855727AB2B3A0002140B /* WeatherData.swift */,
				F615855C27AB2EC40002140B /* WeatherApiTypes.swift */,
				F615856627ADD8310002140B /* WeatherUIData.swift */,
				F615856E27B598190002140B /* WeatherDataProvider.swift */,
			);
			path = WeatherApi;
			sourceTree = "<group>";
		};
/* End PBXGroup section */

/* Begin PBXNativeTarget section */
		F61584A7276D361E0002140B /* WeatherApp */ = {
			isa = PBXNativeTarget;
			buildConfigurationList = F61584BF276D361F0002140B /* Build configuration list for PBXNativeTarget "WeatherApp" */;
			buildPhases = (
				F61584A4276D361E0002140B /* Sources */,
				F61584A5276D361E0002140B /* Frameworks */,
				F61584A6276D361E0002140B /* Resources */,
			);
			buildRules = (
			);
			dependencies = (
			);
			name = WeatherApp;
			packageProductDependencies = (
				F6158509278C99CF0002140B /* Charts */,
				F6158513278D07200002140B /* Alamofire */,
				F615855027A886B40002140B /* Realm */,
				F615855227A886B40002140B /* RealmSwift */,
				F615855A27AB2CEE0002140B /* SwiftyJSON */,
			);
			productName = WeatherApp;
			productReference = F61584A8276D361E0002140B /* WeatherApp.app */;
			productType = "com.apple.product-type.application";
		};
		F615852D27A33C800002140B /* WeatherAppTests */ = {
			isa = PBXNativeTarget;
			buildConfigurationList = F615853427A33C800002140B /* Build configuration list for PBXNativeTarget "WeatherAppTests" */;
			buildPhases = (
				F615852A27A33C800002140B /* Sources */,
				F615852B27A33C800002140B /* Frameworks */,
				F615852C27A33C800002140B /* Resources */,
			);
			buildRules = (
			);
			dependencies = (
				F615853327A33C800002140B /* PBXTargetDependency */,
			);
			name = WeatherAppTests;
			productName = WeatherAppTests;
			productReference = F615852E27A33C800002140B /* WeatherAppTests.xctest */;
			productType = "com.apple.product-type.bundle.unit-test";
		};
/* End PBXNativeTarget section */

/* Begin PBXProject section */
		F61584A0276D361E0002140B /* Project object */ = {
			isa = PBXProject;
			attributes = {
				BuildIndependentTargetsInParallel = 1;
				LastSwiftUpdateCheck = 1320;
				LastUpgradeCheck = 1320;
				TargetAttributes = {
					F61584A7276D361E0002140B = {
						CreatedOnToolsVersion = 13.2;
					};
					F615852D27A33C800002140B = {
						CreatedOnToolsVersion = 13.2;
						TestTargetID = F61584A7276D361E0002140B;
					};
				};
			};
			buildConfigurationList = F61584A3276D361E0002140B /* Build configuration list for PBXProject "WeatherApp" */;
			compatibilityVersion = "Xcode 13.0";
			developmentRegion = en;
			hasScannedForEncodings = 0;
			knownRegions = (
				en,
				Base,
			);
			mainGroup = F615849F276D361E0002140B;
			packageReferences = (
				F6158508278C99CF0002140B /* XCRemoteSwiftPackageReference "Charts" */,
				F6158512278D07200002140B /* XCRemoteSwiftPackageReference "Alamofire" */,
				F615854F27A886B40002140B /* XCRemoteSwiftPackageReference "realm-swift" */,
				F615855927AB2CEE0002140B /* XCRemoteSwiftPackageReference "SwiftyJSON" */,
			);
			productRefGroup = F61584A9276D361E0002140B /* Products */;
			projectDirPath = "";
			projectRoot = "";
			targets = (
				F61584A7276D361E0002140B /* WeatherApp */,
				F615852D27A33C800002140B /* WeatherAppTests */,
			);
		};
/* End PBXProject section */

/* Begin PBXResourcesBuildPhase section */
		F61584A6276D361E0002140B /* Resources */ = {
			isa = PBXResourcesBuildPhase;
			buildActionMask = 2147483647;
			files = (
				F61584BB276D361F0002140B /* LaunchScreen.storyboard in Resources */,
				F61584B8276D361F0002140B /* Assets.xcassets in Resources */,
			);
			runOnlyForDeploymentPostprocessing = 0;
		};
		F615852C27A33C800002140B /* Resources */ = {
			isa = PBXResourcesBuildPhase;
			buildActionMask = 2147483647;
			files = (
			);
			runOnlyForDeploymentPostprocessing = 0;
		};
/* End PBXResourcesBuildPhase section */

/* Begin PBXSourcesBuildPhase section */
		F61584A4276D361E0002140B /* Sources */ = {
			isa = PBXSourcesBuildPhase;
			buildActionMask = 2147483647;
			files = (
				F615851F278EF9020002140B /* AppAlert.swift in Sources */,
				F6158517278EF5A00002140B /* CoordinatorTypes.swift in Sources */,
				F61584CF276FD7B10002140B /* SettingsView.swift in Sources */,
				F61584D727714B040002140B /* DayDisplayView.swift in Sources */,
				F6158501278C5D040002140B /* HourSummaryViewController.swift in Sources */,
				F61584D5277143A50002140B /* NavigationView.swift in Sources */,
				F6158503278C62630002140B /* HourSummaryTableDetailsView.swift in Sources */,
				F615856F27B598190002140B /* WeatherDataProvider.swift in Sources */,
				F61584F52788B79C0002140B /* ForecastDetailsView.swift in Sources */,
				F615853C27A345E50002140B /* GeoTypes.swift in Sources */,
				F61584E2277492DF0002140B /* WeatherPerHourCell.swift in Sources */,
				F6158511278D061B0002140B /* YandexGeocoding.swift in Sources */,
				F61584B0276D361E0002140B /* OnboardingViewController.swift in Sources */,
				F6158527278F1A360002140B /* DaySummaryCoordinator.swift in Sources */,
				F61584EB278645200002140B /* LayoutAssembler.swift in Sources */,
				F61584FD278A593E0002140B /* PaddingLabel.swift in Sources */,
				F615851D278EF71C0002140B /* ViewModelFactory.swift in Sources */,
				F615855D27AB2EC40002140B /* WeatherApiTypes.swift in Sources */,
				F61584D3277126B50002140B /* MainView.swift in Sources */,
				F61584FF278C5C930002140B /* HourSummaryView.swift in Sources */,
				F615854A27A4A4380002140B /* GeoPositionExtractor.swift in Sources */,
				F615856D27B32EF00002140B /* WeatherDataMonthlyDb.swift in Sources */,
				F6158523278F07D10002140B /* MainCoordinator.swift in Sources */,
				F61584F327865BBE0002140B /* DaySummarySelectorCell.swift in Sources */,
				F615851B278EF6CE0002140B /* OnboardingCoordinator.swift in Sources */,
				F61584E4277680CC0002140B /* PerDayHeaderAreaView.swift in Sources */,
				F61584ED27864C430002140B /* DaySummaryController.swift in Sources */,
				F61584DB2773F29C0002140B /* GoToDetailed24View.swift in Sources */,
				F61584FB278A50C80002140B /* SunAndMoonDetailsView.swift in Sources */,
				F61584CD276FD77F0002140B /* SettingsViewController.swift in Sources */,
				F6158521278EF92E0002140B /* AppConstants.swift in Sources */,
				F61584DF27748F2B0002140B /* PerHourDataView.swift in Sources */,
				F615856727ADD8310002140B /* WeatherUIData.swift in Sources */,
				F615856B27B32B370002140B /* WeatherDataHourlyDb.swift in Sources */,
				F61584EF27864C8C0002140B /* DaySummaryView.swift in Sources */,
				F61584F1278657B20002140B /* DaySummarySelectorView.swift in Sources */,
				F615856327ADD4000002140B /* UiDateTimeFormater.swift in Sources */,
				F61584AC276D361E0002140B /* AppDelegate.swift in Sources */,
				F61584F9278A50610002140B /* AirQualityDetailsView.swift in Sources */,
				F61584C6276D39380002140B /* OnboardingView.swift in Sources */,
				F6158505278C63120002140B /* HourGraphView.swift in Sources */,
				F6158529278F1ACC0002140B /* HourSummaryCoordinator.swift in Sources */,
				F61584D12771266A0002140B /* MainViewController.swift in Sources */,
				F61584AE276D361E0002140B /* SceneDelegate.swift in Sources */,
				F615856927B325F20002140B /* WeatherDataOneDayDb.swift in Sources */,
				F615856127AC8BEF0002140B /* YandexGeocoderPrimitives.swift in Sources */,
				F615853A27A342AA0002140B /* CurrentLocationProvider.swift in Sources */,
				F61584E827768C2B0002140B /* WeatherPerDayCell.swift in Sources */,
				F6158507278C660C0002140B /* HourDetailsTableCell.swift in Sources */,
				F61584C9276D51390002140B /* AppTypes.swift in Sources */,
				F615854E27A8858D0002140B /* GeoPointsDb.swift in Sources */,
				F6158519278EF6590002140B /* AppCoordinator.swift in Sources */,
				F61584E627768B300002140B /* PerDayAreaView.swift in Sources */,
				F6158525278F11880002140B /* SettingsCoordinator.swift in Sources */,
				F615855627AB2A070002140B /* WeatherClient.swift in Sources */,
				F61584F7278A48450002140B /* WeatherDetailsRowView.swift in Sources */,
				F615850E278CE7E90002140B /* SimDateRangeProvider.swift in Sources */,
				F615855827AB2B3A0002140B /* WeatherData.swift in Sources */,
			);
			runOnlyForDeploymentPostprocessing = 0;
		};
		F615852A27A33C800002140B /* Sources */ = {
			isa = PBXSourcesBuildPhase;
			buildActionMask = 2147483647;
			files = (
				F615854C27A4A4750002140B /* GeoPositionExtractorTests.swift in Sources */,
				F615856527ADD4EE0002140B /* UiDateTimeFormatterTests.swift in Sources */,
				F615855F27AB30110002140B /* WeatherApiTests.swift in Sources */,
				F615854027A492D20002140B /* GeocodingTests.swift in Sources */,
			);
			runOnlyForDeploymentPostprocessing = 0;
		};
/* End PBXSourcesBuildPhase section */

/* Begin PBXTargetDependency section */
		F615853327A33C800002140B /* PBXTargetDependency */ = {
			isa = PBXTargetDependency;
			target = F61584A7276D361E0002140B /* WeatherApp */;
			targetProxy = F615853227A33C800002140B /* PBXContainerItemProxy */;
		};
/* End PBXTargetDependency section */

/* Begin PBXVariantGroup section */
		F61584B9276D361F0002140B /* LaunchScreen.storyboard */ = {
			isa = PBXVariantGroup;
			children = (
				F61584BA276D361F0002140B /* Base */,
			);
			name = LaunchScreen.storyboard;
			sourceTree = "<group>";
		};
/* End PBXVariantGroup section */

/* Begin XCBuildConfiguration section */
		F61584BD276D361F0002140B /* Debug */ = {
			isa = XCBuildConfiguration;
			buildSettings = {
				ALWAYS_SEARCH_USER_PATHS = NO;
				CLANG_ANALYZER_NONNULL = YES;
				CLANG_ANALYZER_NUMBER_OBJECT_CONVERSION = YES_AGGRESSIVE;
				CLANG_CXX_LANGUAGE_STANDARD = "gnu++17";
				CLANG_CXX_LIBRARY = "libc++";
				CLANG_ENABLE_MODULES = YES;
				CLANG_ENABLE_OBJC_ARC = YES;
				CLANG_ENABLE_OBJC_WEAK = YES;
				CLANG_WARN_BLOCK_CAPTURE_AUTORELEASING = YES;
				CLANG_WARN_BOOL_CONVERSION = YES;
				CLANG_WARN_COMMA = YES;
				CLANG_WARN_CONSTANT_CONVERSION = YES;
				CLANG_WARN_DEPRECATED_OBJC_IMPLEMENTATIONS = YES;
				CLANG_WARN_DIRECT_OBJC_ISA_USAGE = YES_ERROR;
				CLANG_WARN_DOCUMENTATION_COMMENTS = YES;
				CLANG_WARN_EMPTY_BODY = YES;
				CLANG_WARN_ENUM_CONVERSION = YES;
				CLANG_WARN_INFINITE_RECURSION = YES;
				CLANG_WARN_INT_CONVERSION = YES;
				CLANG_WARN_NON_LITERAL_NULL_CONVERSION = YES;
				CLANG_WARN_OBJC_IMPLICIT_RETAIN_SELF = YES;
				CLANG_WARN_OBJC_LITERAL_CONVERSION = YES;
				CLANG_WARN_OBJC_ROOT_CLASS = YES_ERROR;
				CLANG_WARN_QUOTED_INCLUDE_IN_FRAMEWORK_HEADER = YES;
				CLANG_WARN_RANGE_LOOP_ANALYSIS = YES;
				CLANG_WARN_STRICT_PROTOTYPES = YES;
				CLANG_WARN_SUSPICIOUS_MOVE = YES;
				CLANG_WARN_UNGUARDED_AVAILABILITY = YES_AGGRESSIVE;
				CLANG_WARN_UNREACHABLE_CODE = YES;
				CLANG_WARN__DUPLICATE_METHOD_MATCH = YES;
				COPY_PHASE_STRIP = NO;
				DEBUG_INFORMATION_FORMAT = dwarf;
				ENABLE_STRICT_OBJC_MSGSEND = YES;
				ENABLE_TESTABILITY = YES;
				GCC_C_LANGUAGE_STANDARD = gnu11;
				GCC_DYNAMIC_NO_PIC = NO;
				GCC_NO_COMMON_BLOCKS = YES;
				GCC_OPTIMIZATION_LEVEL = 0;
				GCC_PREPROCESSOR_DEFINITIONS = (
					"DEBUG=1",
					"$(inherited)",
				);
				GCC_WARN_64_TO_32_BIT_CONVERSION = YES;
				GCC_WARN_ABOUT_RETURN_TYPE = YES_ERROR;
				GCC_WARN_UNDECLARED_SELECTOR = YES;
				GCC_WARN_UNINITIALIZED_AUTOS = YES_AGGRESSIVE;
				GCC_WARN_UNUSED_FUNCTION = YES;
				GCC_WARN_UNUSED_VARIABLE = YES;
				IPHONEOS_DEPLOYMENT_TARGET = 15.2;
				MTL_ENABLE_DEBUG_INFO = INCLUDE_SOURCE;
				MTL_FAST_MATH = YES;
				ONLY_ACTIVE_ARCH = YES;
				SDKROOT = iphoneos;
				SWIFT_ACTIVE_COMPILATION_CONDITIONS = DEBUG;
				SWIFT_OPTIMIZATION_LEVEL = "-Onone";
			};
			name = Debug;
		};
		F61584BE276D361F0002140B /* Release */ = {
			isa = XCBuildConfiguration;
			buildSettings = {
				ALWAYS_SEARCH_USER_PATHS = NO;
				CLANG_ANALYZER_NONNULL = YES;
				CLANG_ANALYZER_NUMBER_OBJECT_CONVERSION = YES_AGGRESSIVE;
				CLANG_CXX_LANGUAGE_STANDARD = "gnu++17";
				CLANG_CXX_LIBRARY = "libc++";
				CLANG_ENABLE_MODULES = YES;
				CLANG_ENABLE_OBJC_ARC = YES;
				CLANG_ENABLE_OBJC_WEAK = YES;
				CLANG_WARN_BLOCK_CAPTURE_AUTORELEASING = YES;
				CLANG_WARN_BOOL_CONVERSION = YES;
				CLANG_WARN_COMMA = YES;
				CLANG_WARN_CONSTANT_CONVERSION = YES;
				CLANG_WARN_DEPRECATED_OBJC_IMPLEMENTATIONS = YES;
				CLANG_WARN_DIRECT_OBJC_ISA_USAGE = YES_ERROR;
				CLANG_WARN_DOCUMENTATION_COMMENTS = YES;
				CLANG_WARN_EMPTY_BODY = YES;
				CLANG_WARN_ENUM_CONVERSION = YES;
				CLANG_WARN_INFINITE_RECURSION = YES;
				CLANG_WARN_INT_CONVERSION = YES;
				CLANG_WARN_NON_LITERAL_NULL_CONVERSION = YES;
				CLANG_WARN_OBJC_IMPLICIT_RETAIN_SELF = YES;
				CLANG_WARN_OBJC_LITERAL_CONVERSION = YES;
				CLANG_WARN_OBJC_ROOT_CLASS = YES_ERROR;
				CLANG_WARN_QUOTED_INCLUDE_IN_FRAMEWORK_HEADER = YES;
				CLANG_WARN_RANGE_LOOP_ANALYSIS = YES;
				CLANG_WARN_STRICT_PROTOTYPES = YES;
				CLANG_WARN_SUSPICIOUS_MOVE = YES;
				CLANG_WARN_UNGUARDED_AVAILABILITY = YES_AGGRESSIVE;
				CLANG_WARN_UNREACHABLE_CODE = YES;
				CLANG_WARN__DUPLICATE_METHOD_MATCH = YES;
				COPY_PHASE_STRIP = NO;
				DEBUG_INFORMATION_FORMAT = "dwarf-with-dsym";
				ENABLE_NS_ASSERTIONS = NO;
				ENABLE_STRICT_OBJC_MSGSEND = YES;
				GCC_C_LANGUAGE_STANDARD = gnu11;
				GCC_NO_COMMON_BLOCKS = YES;
				GCC_WARN_64_TO_32_BIT_CONVERSION = YES;
				GCC_WARN_ABOUT_RETURN_TYPE = YES_ERROR;
				GCC_WARN_UNDECLARED_SELECTOR = YES;
				GCC_WARN_UNINITIALIZED_AUTOS = YES_AGGRESSIVE;
				GCC_WARN_UNUSED_FUNCTION = YES;
				GCC_WARN_UNUSED_VARIABLE = YES;
				IPHONEOS_DEPLOYMENT_TARGET = 15.2;
				MTL_ENABLE_DEBUG_INFO = NO;
				MTL_FAST_MATH = YES;
				SDKROOT = iphoneos;
				SWIFT_COMPILATION_MODE = wholemodule;
				SWIFT_OPTIMIZATION_LEVEL = "-O";
				VALIDATE_PRODUCT = YES;
			};
			name = Release;
		};
		F61584C0276D361F0002140B /* Debug */ = {
			isa = XCBuildConfiguration;
			buildSettings = {
				ASSETCATALOG_COMPILER_APPICON_NAME = AppIcon;
				ASSETCATALOG_COMPILER_GLOBAL_ACCENT_COLOR_NAME = AccentColor;
				CODE_SIGN_STYLE = Automatic;
				CURRENT_PROJECT_VERSION = 1;
				DEVELOPMENT_TEAM = 43BA3A7UV4;
				GENERATE_INFOPLIST_FILE = YES;
				INFOPLIST_FILE = WeatherApp/Info.plist;
				INFOPLIST_KEY_NSLocationWhenInUseUsageDescription = "Please allow geo position";
				INFOPLIST_KEY_UIApplicationSupportsIndirectInputEvents = YES;
				INFOPLIST_KEY_UILaunchStoryboardName = LaunchScreen;
				INFOPLIST_KEY_UISupportedInterfaceOrientations_iPad = "UIInterfaceOrientationPortrait UIInterfaceOrientationPortraitUpsideDown UIInterfaceOrientationLandscapeLeft UIInterfaceOrientationLandscapeRight";
				INFOPLIST_KEY_UISupportedInterfaceOrientations_iPhone = "UIInterfaceOrientationPortrait UIInterfaceOrientationLandscapeLeft UIInterfaceOrientationLandscapeRight";
				LD_RUNPATH_SEARCH_PATHS = (
					"$(inherited)",
					"@executable_path/Frameworks",
				);
				MARKETING_VERSION = 1.0;
				PRODUCT_BUNDLE_IDENTIFIER = ru.dmitry.nikishov.WeatherApp;
				PRODUCT_NAME = "$(TARGET_NAME)";
				SWIFT_EMIT_LOC_STRINGS = YES;
				SWIFT_VERSION = 5.0;
				TARGETED_DEVICE_FAMILY = "1,2";
			};
			name = Debug;
		};
		F61584C1276D361F0002140B /* Release */ = {
			isa = XCBuildConfiguration;
			buildSettings = {
				ASSETCATALOG_COMPILER_APPICON_NAME = AppIcon;
				ASSETCATALOG_COMPILER_GLOBAL_ACCENT_COLOR_NAME = AccentColor;
				CODE_SIGN_STYLE = Automatic;
				CURRENT_PROJECT_VERSION = 1;
				DEVELOPMENT_TEAM = 43BA3A7UV4;
				GENERATE_INFOPLIST_FILE = YES;
				INFOPLIST_FILE = WeatherApp/Info.plist;
				INFOPLIST_KEY_NSLocationWhenInUseUsageDescription = "Please allow geo position";
				INFOPLIST_KEY_UIApplicationSupportsIndirectInputEvents = YES;
				INFOPLIST_KEY_UILaunchStoryboardName = LaunchScreen;
				INFOPLIST_KEY_UISupportedInterfaceOrientations_iPad = "UIInterfaceOrientationPortrait UIInterfaceOrientationPortraitUpsideDown UIInterfaceOrientationLandscapeLeft UIInterfaceOrientationLandscapeRight";
				INFOPLIST_KEY_UISupportedInterfaceOrientations_iPhone = "UIInterfaceOrientationPortrait UIInterfaceOrientationLandscapeLeft UIInterfaceOrientationLandscapeRight";
				LD_RUNPATH_SEARCH_PATHS = (
					"$(inherited)",
					"@executable_path/Frameworks",
				);
				MARKETING_VERSION = 1.0;
				PRODUCT_BUNDLE_IDENTIFIER = ru.dmitry.nikishov.WeatherApp;
				PRODUCT_NAME = "$(TARGET_NAME)";
				SWIFT_EMIT_LOC_STRINGS = YES;
				SWIFT_VERSION = 5.0;
				TARGETED_DEVICE_FAMILY = "1,2";
			};
			name = Release;
		};
		F615853527A33C800002140B /* Debug */ = {
			isa = XCBuildConfiguration;
			buildSettings = {
				BUNDLE_LOADER = "$(TEST_HOST)";
				CODE_SIGN_STYLE = Automatic;
				CURRENT_PROJECT_VERSION = 1;
				DEVELOPMENT_TEAM = 43BA3A7UV4;
				GENERATE_INFOPLIST_FILE = YES;
				MARKETING_VERSION = 1.0;
				PRODUCT_BUNDLE_IDENTIFIER = ru.dmitry.nikishov.WeatherAppTests;
				PRODUCT_NAME = "$(TARGET_NAME)";
				SWIFT_EMIT_LOC_STRINGS = NO;
				SWIFT_VERSION = 5.0;
				TARGETED_DEVICE_FAMILY = "1,2";
				TEST_HOST = "$(BUILT_PRODUCTS_DIR)/WeatherApp.app/WeatherApp";
			};
			name = Debug;
		};
		F615853627A33C800002140B /* Release */ = {
			isa = XCBuildConfiguration;
			buildSettings = {
				BUNDLE_LOADER = "$(TEST_HOST)";
				CODE_SIGN_STYLE = Automatic;
				CURRENT_PROJECT_VERSION = 1;
				DEVELOPMENT_TEAM = 43BA3A7UV4;
				GENERATE_INFOPLIST_FILE = YES;
				MARKETING_VERSION = 1.0;
				PRODUCT_BUNDLE_IDENTIFIER = ru.dmitry.nikishov.WeatherAppTests;
				PRODUCT_NAME = "$(TARGET_NAME)";
				SWIFT_EMIT_LOC_STRINGS = NO;
				SWIFT_VERSION = 5.0;
				TARGETED_DEVICE_FAMILY = "1,2";
				TEST_HOST = "$(BUILT_PRODUCTS_DIR)/WeatherApp.app/WeatherApp";
			};
			name = Release;
		};
/* End XCBuildConfiguration section */

/* Begin XCConfigurationList section */
		F61584A3276D361E0002140B /* Build configuration list for PBXProject "WeatherApp" */ = {
			isa = XCConfigurationList;
			buildConfigurations = (
				F61584BD276D361F0002140B /* Debug */,
				F61584BE276D361F0002140B /* Release */,
			);
			defaultConfigurationIsVisible = 0;
			defaultConfigurationName = Release;
		};
		F61584BF276D361F0002140B /* Build configuration list for PBXNativeTarget "WeatherApp" */ = {
			isa = XCConfigurationList;
			buildConfigurations = (
				F61584C0276D361F0002140B /* Debug */,
				F61584C1276D361F0002140B /* Release */,
			);
			defaultConfigurationIsVisible = 0;
			defaultConfigurationName = Release;
		};
		F615853427A33C800002140B /* Build configuration list for PBXNativeTarget "WeatherAppTests" */ = {
			isa = XCConfigurationList;
			buildConfigurations = (
				F615853527A33C800002140B /* Debug */,
				F615853627A33C800002140B /* Release */,
			);
			defaultConfigurationIsVisible = 0;
			defaultConfigurationName = Release;
		};
/* End XCConfigurationList section */

/* Begin XCRemoteSwiftPackageReference section */
		F6158508278C99CF0002140B /* XCRemoteSwiftPackageReference "Charts" */ = {
			isa = XCRemoteSwiftPackageReference;
			repositoryURL = "https://github.com/danielgindi/Charts.git";
			requirement = {
				kind = upToNextMajorVersion;
				minimumVersion = 3.0.0;
			};
		};
		F6158512278D07200002140B /* XCRemoteSwiftPackageReference "Alamofire" */ = {
			isa = XCRemoteSwiftPackageReference;
			repositoryURL = "https://github.com/Alamofire/Alamofire.git";
			requirement = {
				kind = upToNextMajorVersion;
				minimumVersion = 5.0.0;
			};
		};
		F615854F27A886B40002140B /* XCRemoteSwiftPackageReference "realm-swift" */ = {
			isa = XCRemoteSwiftPackageReference;
			repositoryURL = "https://github.com/realm/realm-swift.git";
			requirement = {
				kind = exactVersion;
				version = 10.20.0;
			};
		};
		F615855927AB2CEE0002140B /* XCRemoteSwiftPackageReference "SwiftyJSON" */ = {
			isa = XCRemoteSwiftPackageReference;
			repositoryURL = "https://github.com/SwiftyJSON/SwiftyJSON.git";
			requirement = {
				kind = exactVersion;
				version = 5.0.1;
			};
		};
/* End XCRemoteSwiftPackageReference section */

/* Begin XCSwiftPackageProductDependency section */
		F6158509278C99CF0002140B /* Charts */ = {
			isa = XCSwiftPackageProductDependency;
			package = F6158508278C99CF0002140B /* XCRemoteSwiftPackageReference "Charts" */;
			productName = Charts;
		};
		F6158513278D07200002140B /* Alamofire */ = {
			isa = XCSwiftPackageProductDependency;
			package = F6158512278D07200002140B /* XCRemoteSwiftPackageReference "Alamofire" */;
			productName = Alamofire;
		};
		F615855027A886B40002140B /* Realm */ = {
			isa = XCSwiftPackageProductDependency;
			package = F615854F27A886B40002140B /* XCRemoteSwiftPackageReference "realm-swift" */;
			productName = Realm;
		};
		F615855227A886B40002140B /* RealmSwift */ = {
			isa = XCSwiftPackageProductDependency;
			package = F615854F27A886B40002140B /* XCRemoteSwiftPackageReference "realm-swift" */;
			productName = RealmSwift;
		};
		F615855A27AB2CEE0002140B /* SwiftyJSON */ = {
			isa = XCSwiftPackageProductDependency;
			package = F615855927AB2CEE0002140B /* XCRemoteSwiftPackageReference "SwiftyJSON" */;
			productName = SwiftyJSON;
		};
/* End XCSwiftPackageProductDependency section */
	};
	rootObject = F61584A0276D361E0002140B /* Project object */;
}
